// !$*UTF8*$!
{
	archiveVersion = 1;
	classes = {
	};
	objectVersion = 46;
	objects = {

/* Begin PBXBuildFile section */
		B22877E91F1FD18700141C72 /* hide.png in Resources */ = {isa = PBXBuildFile; fileRef = B22877E81F1FD18700141C72 /* hide.png */; };
		B22877EA1F1FD18700141C72 /* hide.png in Resources */ = {isa = PBXBuildFile; fileRef = B22877E81F1FD18700141C72 /* hide.png */; };
		B22877F71F1FD38700141C72 /* Yahoo-Mail-logo.png in Resources */ = {isa = PBXBuildFile; fileRef = B22877EB1F1FD38700141C72 /* Yahoo-Mail-logo.png */; };
		B22877F81F1FD38700141C72 /* Yahoo-Mail-logo.png in Resources */ = {isa = PBXBuildFile; fileRef = B22877EB1F1FD38700141C72 /* Yahoo-Mail-logo.png */; };
		B22877F91F1FD38700141C72 /* thumbsdown.gif in Resources */ = {isa = PBXBuildFile; fileRef = B22877EC1F1FD38700141C72 /* thumbsdown.gif */; };
		B22877FA1F1FD38700141C72 /* thumbsdown.gif in Resources */ = {isa = PBXBuildFile; fileRef = B22877EC1F1FD38700141C72 /* thumbsdown.gif */; };
		B22877FB1F1FD38700141C72 /* funny.png in Resources */ = {isa = PBXBuildFile; fileRef = B22877ED1F1FD38700141C72 /* funny.png */; };
		B22877FC1F1FD38700141C72 /* funny.png in Resources */ = {isa = PBXBuildFile; fileRef = B22877ED1F1FD38700141C72 /* funny.png */; };
		B22877FD1F1FD38700141C72 /* sad.png in Resources */ = {isa = PBXBuildFile; fileRef = B22877EE1F1FD38700141C72 /* sad.png */; };
		B22877FE1F1FD38700141C72 /* sad.png in Resources */ = {isa = PBXBuildFile; fileRef = B22877EE1F1FD38700141C72 /* sad.png */; };
		B22877FF1F1FD38700141C72 /* ok.png in Resources */ = {isa = PBXBuildFile; fileRef = B22877EF1F1FD38700141C72 /* ok.png */; };
		B22878001F1FD38700141C72 /* ok.png in Resources */ = {isa = PBXBuildFile; fileRef = B22877EF1F1FD38700141C72 /* ok.png */; };
		B22878011F1FD38700141C72 /* lcase.png in Resources */ = {isa = PBXBuildFile; fileRef = B22877F01F1FD38700141C72 /* lcase.png */; };
		B22878021F1FD38700141C72 /* lcase.png in Resources */ = {isa = PBXBuildFile; fileRef = B22877F01F1FD38700141C72 /* lcase.png */; };
		B22878031F1FD38700141C72 /* ucase.png in Resources */ = {isa = PBXBuildFile; fileRef = B22877F11F1FD38700141C72 /* ucase.png */; };
		B22878041F1FD38700141C72 /* ucase.png in Resources */ = {isa = PBXBuildFile; fileRef = B22877F11F1FD38700141C72 /* ucase.png */; };
		B22878051F1FD38700141C72 /* space.png in Resources */ = {isa = PBXBuildFile; fileRef = B22877F21F1FD38700141C72 /* space.png */; };
		B22878061F1FD38700141C72 /* space.png in Resources */ = {isa = PBXBuildFile; fileRef = B22877F21F1FD38700141C72 /* space.png */; };
		B22878071F1FD38700141C72 /* next.png in Resources */ = {isa = PBXBuildFile; fileRef = B22877F31F1FD38700141C72 /* next.png */; };
		B22878081F1FD38700141C72 /* next.png in Resources */ = {isa = PBXBuildFile; fileRef = B22877F31F1FD38700141C72 /* next.png */; };
		B228780B1F1FD38700141C72 /* back.jpg in Resources */ = {isa = PBXBuildFile; fileRef = B22877F51F1FD38700141C72 /* back.jpg */; };
		B228780C1F1FD38700141C72 /* back.jpg in Resources */ = {isa = PBXBuildFile; fileRef = B22877F51F1FD38700141C72 /* back.jpg */; };
		B228780D1F1FD38700141C72 /* return.png in Resources */ = {isa = PBXBuildFile; fileRef = B22877F61F1FD38700141C72 /* return.png */; };
		B228780E1F1FD38700141C72 /* return.png in Resources */ = {isa = PBXBuildFile; fileRef = B22877F61F1FD38700141C72 /* return.png */; };
		B22878101F1FD7C500141C72 /* gmail.jpeg in Resources */ = {isa = PBXBuildFile; fileRef = B228780F1F1FD7C500141C72 /* gmail.jpeg */; };
		B22878111F1FD7C500141C72 /* gmail.jpeg in Resources */ = {isa = PBXBuildFile; fileRef = B228780F1F1FD7C500141C72 /* gmail.jpeg */; };
		B22878131F1FD95200141C72 /* gmail2.png in Resources */ = {isa = PBXBuildFile; fileRef = B22878121F1FD95200141C72 /* gmail2.png */; };
		B22878141F1FD95200141C72 /* gmail2.png in Resources */ = {isa = PBXBuildFile; fileRef = B22878121F1FD95200141C72 /* gmail2.png */; };
		B22878161F1FD9D900141C72 /* yahoomail.png in Resources */ = {isa = PBXBuildFile; fileRef = B22878151F1FD9D900141C72 /* yahoomail.png */; };
		B22878171F1FD9D900141C72 /* yahoomail.png in Resources */ = {isa = PBXBuildFile; fileRef = B22878151F1FD9D900141C72 /* yahoomail.png */; };
		B22878191F1FDA8100141C72 /* ymail.png in Resources */ = {isa = PBXBuildFile; fileRef = B22878181F1FDA8100141C72 /* ymail.png */; };
		B228781A1F1FDA8100141C72 /* ymail.png in Resources */ = {isa = PBXBuildFile; fileRef = B22878181F1FDA8100141C72 /* ymail.png */; };
		B228781C1F1FDB6F00141C72 /* Phone.png in Resources */ = {isa = PBXBuildFile; fileRef = B228781B1F1FDB6F00141C72 /* Phone.png */; };
		B228781D1F1FDB6F00141C72 /* Phone.png in Resources */ = {isa = PBXBuildFile; fileRef = B228781B1F1FDB6F00141C72 /* Phone.png */; };
		B228781F1F1FDEC800141C72 /* secret.png in Resources */ = {isa = PBXBuildFile; fileRef = B228781E1F1FDEC800141C72 /* secret.png */; };
		B22878201F1FDEC800141C72 /* secret.png in Resources */ = {isa = PBXBuildFile; fileRef = B228781E1F1FDEC800141C72 /* secret.png */; };
		B22F91101F1D046E00E5E6AC /* fu.png in Resources */ = {isa = PBXBuildFile; fileRef = B22F910D1F1D046E00E5E6AC /* fu.png */; };
		B22F91111F1D046E00E5E6AC /* noay.jpg in Resources */ = {isa = PBXBuildFile; fileRef = B22F910E1F1D046E00E5E6AC /* noay.jpg */; };
		B22F91121F1D046E00E5E6AC /* ok.jpg in Resources */ = {isa = PBXBuildFile; fileRef = B22F910F1F1D046E00E5E6AC /* ok.jpg */; };
		B22F91181F1D0C2100E5E6AC /* noay.jpg in Resources */ = {isa = PBXBuildFile; fileRef = B22F910E1F1D046E00E5E6AC /* noay.jpg */; };
		B22F91191F1D0C2800E5E6AC /* fu.png in Resources */ = {isa = PBXBuildFile; fileRef = B22F910D1F1D046E00E5E6AC /* fu.png */; };
		B22F911A1F1D0C3000E5E6AC /* ok.jpg in Resources */ = {isa = PBXBuildFile; fileRef = B22F910F1F1D046E00E5E6AC /* ok.jpg */; };
		B238E4C41F58602300A1C771 /* more1.png in Resources */ = {isa = PBXBuildFile; fileRef = B238E4C31F58602300A1C771 /* more1.png */; };
		B238E4C51F58602300A1C771 /* more1.png in Resources */ = {isa = PBXBuildFile; fileRef = B238E4C31F58602300A1C771 /* more1.png */; };
		B24048321F2680AC00922CDE /* noway.png in Resources */ = {isa = PBXBuildFile; fileRef = B24048311F2680AC00922CDE /* noway.png */; };
		B24048331F2680AC00922CDE /* noway.png in Resources */ = {isa = PBXBuildFile; fileRef = B24048311F2680AC00922CDE /* noway.png */; };
		B24048361F2681E000922CDE /* thumbs_down_angry.png in Resources */ = {isa = PBXBuildFile; fileRef = B24048351F2681E000922CDE /* thumbs_down_angry.png */; };
		B24048371F2681E000922CDE /* thumbs_down_angry.png in Resources */ = {isa = PBXBuildFile; fileRef = B24048351F2681E000922CDE /* thumbs_down_angry.png */; };
		B24211D51F4CF7AA000A10ED /* truelove2.png in Resources */ = {isa = PBXBuildFile; fileRef = B24211D41F4CF7AA000A10ED /* truelove2.png */; };
		B24211D61F4CF7AA000A10ED /* truelove2.png in Resources */ = {isa = PBXBuildFile; fileRef = B24211D41F4CF7AA000A10ED /* truelove2.png */; };
		B24211D81F4CF90A000A10ED /* truelove.png in Resources */ = {isa = PBXBuildFile; fileRef = B24211D71F4CF90A000A10ED /* truelove.png */; };
		B24211D91F4CF90A000A10ED /* truelove.png in Resources */ = {isa = PBXBuildFile; fileRef = B24211D71F4CF90A000A10ED /* truelove.png */; };
		B24211E21F4DFBBE000A10ED /* Localizable.strings in Resources */ = {isa = PBXBuildFile; fileRef = B24211E51F4DFBBE000A10ED /* Localizable.strings */; };
		B24211E31F4DFBBE000A10ED /* Localizable.strings in Resources */ = {isa = PBXBuildFile; fileRef = B24211E51F4DFBBE000A10ED /* Localizable.strings */; };
		B257CCFA1F292E6C009DD6DD /* Settings.bundle in Resources */ = {isa = PBXBuildFile; fileRef = B257CCF91F292E6C009DD6DD /* Settings.bundle */; };
		B257CCFB1F292E6C009DD6DD /* Settings.bundle in Resources */ = {isa = PBXBuildFile; fileRef = B257CCF91F292E6C009DD6DD /* Settings.bundle */; };
		B257CCFD1F2938E7009DD6DD /* ohno.png in Resources */ = {isa = PBXBuildFile; fileRef = B257CCFC1F2938E7009DD6DD /* ohno.png */; };
		B257CCFE1F2938E7009DD6DD /* ohno.png in Resources */ = {isa = PBXBuildFile; fileRef = B257CCFC1F2938E7009DD6DD /* ohno.png */; };
		B257CD041F293CB5009DD6DD /* imsick.png in Resources */ = {isa = PBXBuildFile; fileRef = B257CCFF1F293CB5009DD6DD /* imsick.png */; };
		B257CD051F293CB5009DD6DD /* imsick.png in Resources */ = {isa = PBXBuildFile; fileRef = B257CCFF1F293CB5009DD6DD /* imsick.png */; };
		B257CD061F293CB5009DD6DD /* noway2.gif in Resources */ = {isa = PBXBuildFile; fileRef = B257CD001F293CB5009DD6DD /* noway2.gif */; };
		B257CD071F293CB5009DD6DD /* noway2.gif in Resources */ = {isa = PBXBuildFile; fileRef = B257CD001F293CB5009DD6DD /* noway2.gif */; };
		B257CD081F293CB5009DD6DD /* sohappy.png in Resources */ = {isa = PBXBuildFile; fileRef = B257CD011F293CB5009DD6DD /* sohappy.png */; };
		B257CD091F293CB5009DD6DD /* sohappy.png in Resources */ = {isa = PBXBuildFile; fileRef = B257CD011F293CB5009DD6DD /* sohappy.png */; };
		B257CD0A1F293CB5009DD6DD /* wasntme.png in Resources */ = {isa = PBXBuildFile; fileRef = B257CD021F293CB5009DD6DD /* wasntme.png */; };
		B257CD0B1F293CB5009DD6DD /* wasntme.png in Resources */ = {isa = PBXBuildFile; fileRef = B257CD021F293CB5009DD6DD /* wasntme.png */; };
		B257CD0C1F293CB5009DD6DD /* what.png in Resources */ = {isa = PBXBuildFile; fileRef = B257CD031F293CB5009DD6DD /* what.png */; };
		B257CD0D1F293CB5009DD6DD /* what.png in Resources */ = {isa = PBXBuildFile; fileRef = B257CD031F293CB5009DD6DD /* what.png */; };
		B26993F11F54A11C00E405D5 /* cervantes.jpg in Resources */ = {isa = PBXBuildFile; fileRef = B26993EF1F54A11C00E405D5 /* cervantes.jpg */; };
		B26993F21F54A11C00E405D5 /* cervantes.jpg in Resources */ = {isa = PBXBuildFile; fileRef = B26993EF1F54A11C00E405D5 /* cervantes.jpg */; };
		B26993F31F54A11C00E405D5 /* shakespeare.jpg in Resources */ = {isa = PBXBuildFile; fileRef = B26993F01F54A11C00E405D5 /* shakespeare.jpg */; };
		B26993F41F54A11C00E405D5 /* shakespeare.jpg in Resources */ = {isa = PBXBuildFile; fileRef = B26993F01F54A11C00E405D5 /* shakespeare.jpg */; };
		B26993F61F54AEB200E405D5 /* cervantes.png in Resources */ = {isa = PBXBuildFile; fileRef = B26993F51F54AEB200E405D5 /* cervantes.png */; };
		B26993F71F54AEB200E405D5 /* cervantes.png in Resources */ = {isa = PBXBuildFile; fileRef = B26993F51F54AEB200E405D5 /* cervantes.png */; };
		B26993F91F55DAA000E405D5 /* cervantes2.png in Resources */ = {isa = PBXBuildFile; fileRef = B26993F81F55DAA000E405D5 /* cervantes2.png */; };
		B26993FA1F55DAF500E405D5 /* cervantes2.png in Resources */ = {isa = PBXBuildFile; fileRef = B26993F81F55DAA000E405D5 /* cervantes2.png */; };
		B26EDEFE1F65ABA900EFAEBF /* boobs1.jpg in Resources */ = {isa = PBXBuildFile; fileRef = B26EDEFD1F65ABA900EFAEBF /* boobs1.jpg */; };
		B26EDEFF1F65ABA900EFAEBF /* boobs1.jpg in Resources */ = {isa = PBXBuildFile; fileRef = B26EDEFD1F65ABA900EFAEBF /* boobs1.jpg */; };
		B276598C1F5F399A00320DE5 /* love1.png in Resources */ = {isa = PBXBuildFile; fileRef = B276598A1F5F399A00320DE5 /* love1.png */; };
		B276598D1F5F399A00320DE5 /* love1.png in Resources */ = {isa = PBXBuildFile; fileRef = B276598A1F5F399A00320DE5 /* love1.png */; };
		B276598E1F5F399A00320DE5 /* love2.png in Resources */ = {isa = PBXBuildFile; fileRef = B276598B1F5F399A00320DE5 /* love2.png */; };
		B276598F1F5F399A00320DE5 /* love2.png in Resources */ = {isa = PBXBuildFile; fileRef = B276598B1F5F399A00320DE5 /* love2.png */; };
		B27659921F5F442B00320DE5 /* more.png in Resources */ = {isa = PBXBuildFile; fileRef = B27659901F5F442B00320DE5 /* more.png */; };
		B27659931F5F442B00320DE5 /* more.png in Resources */ = {isa = PBXBuildFile; fileRef = B27659901F5F442B00320DE5 /* more.png */; };
		B27659941F5F442B00320DE5 /* return1.png in Resources */ = {isa = PBXBuildFile; fileRef = B27659911F5F442B00320DE5 /* return1.png */; };
		B27659951F5F442B00320DE5 /* return1.png in Resources */ = {isa = PBXBuildFile; fileRef = B27659911F5F442B00320DE5 /* return1.png */; };
		B27C4A361F5C48EB00B16820 /* more2.png in Resources */ = {isa = PBXBuildFile; fileRef = B27C4A351F5C48EB00B16820 /* more2.png */; };
		B27C4A371F5C48EB00B16820 /* more2.png in Resources */ = {isa = PBXBuildFile; fileRef = B27C4A351F5C48EB00B16820 /* more2.png */; };
		B29722D11F4C7DA700B2B00D /* ahhhhh.jpg in Resources */ = {isa = PBXBuildFile; fileRef = B29722C41F4C7DA700B2B00D /* ahhhhh.jpg */; };
		B29722D21F4C7DA700B2B00D /* ahhhhh.jpg in Resources */ = {isa = PBXBuildFile; fileRef = B29722C41F4C7DA700B2B00D /* ahhhhh.jpg */; };
		B29722D51F4C7DA700B2B00D /* crying.png in Resources */ = {isa = PBXBuildFile; fileRef = B29722C61F4C7DA700B2B00D /* crying.png */; };
		B29722D61F4C7DA700B2B00D /* crying.png in Resources */ = {isa = PBXBuildFile; fileRef = B29722C61F4C7DA700B2B00D /* crying.png */; };
		B29722D71F4C7DA700B2B00D /* happy.png in Resources */ = {isa = PBXBuildFile; fileRef = B29722C71F4C7DA700B2B00D /* happy.png */; };
		B29722D81F4C7DA700B2B00D /* happy.png in Resources */ = {isa = PBXBuildFile; fileRef = B29722C71F4C7DA700B2B00D /* happy.png */; };
		B29722D91F4C7DA700B2B00D /* haveadrink.jpg in Resources */ = {isa = PBXBuildFile; fileRef = B29722C81F4C7DA700B2B00D /* haveadrink.jpg */; };
		B29722DA1F4C7DA700B2B00D /* haveadrink.jpg in Resources */ = {isa = PBXBuildFile; fileRef = B29722C81F4C7DA700B2B00D /* haveadrink.jpg */; };
		B29722DB1F4C7DA700B2B00D /* Image-11.png in Resources */ = {isa = PBXBuildFile; fileRef = B29722C91F4C7DA700B2B00D /* Image-11.png */; };
		B29722DC1F4C7DA700B2B00D /* Image-11.png in Resources */ = {isa = PBXBuildFile; fileRef = B29722C91F4C7DA700B2B00D /* Image-11.png */; };
		B29722DD1F4C7DA700B2B00D /* iwarnyou.png in Resources */ = {isa = PBXBuildFile; fileRef = B29722CA1F4C7DA700B2B00D /* iwarnyou.png */; };
		B29722DE1F4C7DA700B2B00D /* iwarnyou.png in Resources */ = {isa = PBXBuildFile; fileRef = B29722CA1F4C7DA700B2B00D /* iwarnyou.png */; };
		B29722DF1F4C7DA700B2B00D /* laugh2.png in Resources */ = {isa = PBXBuildFile; fileRef = B29722CB1F4C7DA700B2B00D /* laugh2.png */; };
		B29722E01F4C7DA700B2B00D /* laugh2.png in Resources */ = {isa = PBXBuildFile; fileRef = B29722CB1F4C7DA700B2B00D /* laugh2.png */; };
		B29722E11F4C7DA700B2B00D /* lock.png in Resources */ = {isa = PBXBuildFile; fileRef = B29722CC1F4C7DA700B2B00D /* lock.png */; };
		B29722E21F4C7DA700B2B00D /* lock.png in Resources */ = {isa = PBXBuildFile; fileRef = B29722CC1F4C7DA700B2B00D /* lock.png */; };
		B29722E31F4C7DA700B2B00D /* lock2.png in Resources */ = {isa = PBXBuildFile; fileRef = B29722CD1F4C7DA700B2B00D /* lock2.png */; };
		B29722E41F4C7DA700B2B00D /* lock2.png in Resources */ = {isa = PBXBuildFile; fileRef = B29722CD1F4C7DA700B2B00D /* lock2.png */; };
		B29722E51F4C7DA700B2B00D /* stella.jpg in Resources */ = {isa = PBXBuildFile; fileRef = B29722CE1F4C7DA700B2B00D /* stella.jpg */; };
		B29722E61F4C7DA700B2B00D /* stella.jpg in Resources */ = {isa = PBXBuildFile; fileRef = B29722CE1F4C7DA700B2B00D /* stella.jpg */; };
		B29722EC1F4C811000B2B00D /* badday.png in Resources */ = {isa = PBXBuildFile; fileRef = B29722EB1F4C811000B2B00D /* badday.png */; };
		B29722ED1F4C811000B2B00D /* badday.png in Resources */ = {isa = PBXBuildFile; fileRef = B29722EB1F4C811000B2B00D /* badday.png */; };
		B29DC8061F3626ED00EF277C /* icon.png in Resources */ = {isa = PBXBuildFile; fileRef = B29DC8051F3626ED00EF277C /* icon.png */; };
		B29DC8071F3626ED00EF277C /* icon.png in Resources */ = {isa = PBXBuildFile; fileRef = B29DC8051F3626ED00EF277C /* icon.png */; };
		B2A01E801F2984FE00BF1F7C /* wink.png in Resources */ = {isa = PBXBuildFile; fileRef = B2A01E7F1F2984FE00BF1F7C /* wink.png */; };
		B2A01E811F2984FE00BF1F7C /* wink.png in Resources */ = {isa = PBXBuildFile; fileRef = B2A01E7F1F2984FE00BF1F7C /* wink.png */; };
		B2A01E831F29866300BF1F7C /* wtf.png in Resources */ = {isa = PBXBuildFile; fileRef = B2A01E821F29866300BF1F7C /* wtf.png */; };
		B2A01E841F29866300BF1F7C /* wtf.png in Resources */ = {isa = PBXBuildFile; fileRef = B2A01E821F29866300BF1F7C /* wtf.png */; };
		B2A3ADC31F4BD40E0007400B /* ohno2.png in Resources */ = {isa = PBXBuildFile; fileRef = B2A3ADC01F4BD40E0007400B /* ohno2.png */; };
		B2A3ADC41F4BD40E0007400B /* oy.jpeg in Resources */ = {isa = PBXBuildFile; fileRef = B2A3ADC11F4BD40E0007400B /* oy.jpeg */; };
		B2A3ADC51F4BD40E0007400B /* waiting.png in Resources */ = {isa = PBXBuildFile; fileRef = B2A3ADC21F4BD40E0007400B /* waiting.png */; };
		B2A3ADC61F4BD4440007400B /* ohno2.png in Resources */ = {isa = PBXBuildFile; fileRef = B2A3ADC01F4BD40E0007400B /* ohno2.png */; };
		B2A3ADC71F4BD4630007400B /* waiting.png in Resources */ = {isa = PBXBuildFile; fileRef = B2A3ADC21F4BD40E0007400B /* waiting.png */; };
		B2A3ADC81F4BD46B0007400B /* oy.jpeg in Resources */ = {isa = PBXBuildFile; fileRef = B2A3ADC11F4BD40E0007400B /* oy.jpeg */; };
		B2A68B091F5B1AD60006670C /* Cervantes.swift in Sources */ = {isa = PBXBuildFile; fileRef = B2A68B081F5B1AD60006670C /* Cervantes.swift */; };
		B2A68B0A1F5B1AD60006670C /* Cervantes.swift in Sources */ = {isa = PBXBuildFile; fileRef = B2A68B081F5B1AD60006670C /* Cervantes.swift */; };
		B2A68B0E1F5B29010006670C /* insult.jpg in Resources */ = {isa = PBXBuildFile; fileRef = B2A68B0B1F5B29010006670C /* insult.jpg */; };
		B2A68B0F1F5B29010006670C /* insult.jpg in Resources */ = {isa = PBXBuildFile; fileRef = B2A68B0B1F5B29010006670C /* insult.jpg */; };
		B2A68B101F5B29010006670C /* insult2.jpg in Resources */ = {isa = PBXBuildFile; fileRef = B2A68B0C1F5B29010006670C /* insult2.jpg */; };
		B2A68B111F5B29010006670C /* insult2.jpg in Resources */ = {isa = PBXBuildFile; fileRef = B2A68B0C1F5B29010006670C /* insult2.jpg */; };
		B2A68B121F5B29010006670C /* insult3.jpg in Resources */ = {isa = PBXBuildFile; fileRef = B2A68B0D1F5B29010006670C /* insult3.jpg */; };
		B2A68B131F5B29010006670C /* insult3.jpg in Resources */ = {isa = PBXBuildFile; fileRef = B2A68B0D1F5B29010006670C /* insult3.jpg */; };
		B2A68B161F5B2EEB0006670C /* trump.jpg in Resources */ = {isa = PBXBuildFile; fileRef = B2A68B141F5B2EEB0006670C /* trump.jpg */; };
		B2A68B171F5B2EEB0006670C /* trump.jpg in Resources */ = {isa = PBXBuildFile; fileRef = B2A68B141F5B2EEB0006670C /* trump.jpg */; };
		B2A68B181F5B2EEB0006670C /* trump2.png in Resources */ = {isa = PBXBuildFile; fileRef = B2A68B151F5B2EEB0006670C /* trump2.png */; };
		B2A68B191F5B2EEB0006670C /* trump2.png in Resources */ = {isa = PBXBuildFile; fileRef = B2A68B151F5B2EEB0006670C /* trump2.png */; };
		B2CD1D2E1F4730CA0002090A /* Bard.swift in Sources */ = {isa = PBXBuildFile; fileRef = B2CD1D2D1F4730CA0002090A /* Bard.swift */; };
		B2CD1D331F473B170002090A /* angry.jpeg in Resources */ = {isa = PBXBuildFile; fileRef = B2CD1D2F1F473B170002090A /* angry.jpeg */; };
		B2CD1D341F473B170002090A /* angry.jpeg in Resources */ = {isa = PBXBuildFile; fileRef = B2CD1D2F1F473B170002090A /* angry.jpeg */; };
		B2CD1D351F473B170002090A /* thebard.jpg in Resources */ = {isa = PBXBuildFile; fileRef = B2CD1D301F473B170002090A /* thebard.jpg */; };
		B2CD1D361F473B170002090A /* thebard.jpg in Resources */ = {isa = PBXBuildFile; fileRef = B2CD1D301F473B170002090A /* thebard.jpg */; };
		B2CD1D371F473B170002090A /* thebard2.jpg in Resources */ = {isa = PBXBuildFile; fileRef = B2CD1D311F473B170002090A /* thebard2.jpg */; };
		B2CD1D381F473B170002090A /* thebard2.jpg in Resources */ = {isa = PBXBuildFile; fileRef = B2CD1D311F473B170002090A /* thebard2.jpg */; };
		B2CD1D391F473B170002090A /* thebard3.jpeg in Resources */ = {isa = PBXBuildFile; fileRef = B2CD1D321F473B170002090A /* thebard3.jpeg */; };
		B2CD1D3A1F473B170002090A /* thebard3.jpeg in Resources */ = {isa = PBXBuildFile; fileRef = B2CD1D321F473B170002090A /* thebard3.jpeg */; };
		B2CD1D3C1F4744CF0002090A /* secret1.png in Resources */ = {isa = PBXBuildFile; fileRef = B2CD1D3B1F4744CF0002090A /* secret1.png */; };
		B2CD1D3D1F4744CF0002090A /* secret1.png in Resources */ = {isa = PBXBuildFile; fileRef = B2CD1D3B1F4744CF0002090A /* secret1.png */; };
		B2CD1D3F1F4754F60002090A /* secret2.png in Resources */ = {isa = PBXBuildFile; fileRef = B2CD1D3E1F4754F60002090A /* secret2.png */; };
		B2CD1D401F4754F60002090A /* secret2.png in Resources */ = {isa = PBXBuildFile; fileRef = B2CD1D3E1F4754F60002090A /* secret2.png */; };
		B2CD1D421F475B000002090A /* secret3.png in Resources */ = {isa = PBXBuildFile; fileRef = B2CD1D411F475B000002090A /* secret3.png */; };
		B2CD1D431F475B000002090A /* secret3.png in Resources */ = {isa = PBXBuildFile; fileRef = B2CD1D411F475B000002090A /* secret3.png */; };
		B2CD1D451F4787810002090A /* secret4.png in Resources */ = {isa = PBXBuildFile; fileRef = B2CD1D441F4787810002090A /* secret4.png */; };
		B2CD1D461F4787810002090A /* secret4.png in Resources */ = {isa = PBXBuildFile; fileRef = B2CD1D441F4787810002090A /* secret4.png */; };
		B2CD1D481F478A8E0002090A /* secret5.png in Resources */ = {isa = PBXBuildFile; fileRef = B2CD1D471F478A8E0002090A /* secret5.png */; };
		B2CD1D491F478A8E0002090A /* secret5.png in Resources */ = {isa = PBXBuildFile; fileRef = B2CD1D471F478A8E0002090A /* secret5.png */; };
		B2D80E591F6C2A5F00CB09B5 /* String.swift in Sources */ = {isa = PBXBuildFile; fileRef = B2D80E581F6C2A5F00CB09B5 /* String.swift */; };
		B2D80E5A1F6C2A5F00CB09B5 /* String.swift in Sources */ = {isa = PBXBuildFile; fileRef = B2D80E581F6C2A5F00CB09B5 /* String.swift */; };
		B2F2F4451F21627900804898 /* KeyboardView.swift in Sources */ = {isa = PBXBuildFile; fileRef = B2F2F4441F21627900804898 /* KeyboardView.swift */; };
		B2FED7CB1F1BB261005AA45F /* AppDelegate.swift in Sources */ = {isa = PBXBuildFile; fileRef = B2FED7CA1F1BB261005AA45F /* AppDelegate.swift */; };
		B2FED7CD1F1BB261005AA45F /* ViewController.swift in Sources */ = {isa = PBXBuildFile; fileRef = B2FED7CC1F1BB261005AA45F /* ViewController.swift */; };
		B2FED7D01F1BB261005AA45F /* Main.storyboard in Resources */ = {isa = PBXBuildFile; fileRef = B2FED7CE1F1BB261005AA45F /* Main.storyboard */; };
		B2FED7D21F1BB261005AA45F /* Assets.xcassets in Resources */ = {isa = PBXBuildFile; fileRef = B2FED7D11F1BB261005AA45F /* Assets.xcassets */; };
		B2FED7D51F1BB261005AA45F /* LaunchScreen.storyboard in Resources */ = {isa = PBXBuildFile; fileRef = B2FED7D31F1BB261005AA45F /* LaunchScreen.storyboard */; };
		B2FED7E01F1BB261005AA45F /* kdb3Tests.swift in Sources */ = {isa = PBXBuildFile; fileRef = B2FED7DF1F1BB261005AA45F /* kdb3Tests.swift */; };
		B2FED7EB1F1BB261005AA45F /* kdb3UITests.swift in Sources */ = {isa = PBXBuildFile; fileRef = B2FED7EA1F1BB261005AA45F /* kdb3UITests.swift */; };
		B2FED7FF1F1BB37B005AA45F /* KeyboardViewController.swift in Sources */ = {isa = PBXBuildFile; fileRef = B2FED7FE1F1BB37B005AA45F /* KeyboardViewController.swift */; };
		B2FED8031F1BB37B005AA45F /* AC Keyboard.appex in Embed App Extensions */ = {isa = PBXBuildFile; fileRef = B2FED7FC1F1BB37B005AA45F /* AC Keyboard.appex */; settings = {ATTRIBUTES = (RemoveHeadersOnCopy, ); }; };
		B2FED8091F1BB6EF005AA45F /* KeyboardView.xib in Resources */ = {isa = PBXBuildFile; fileRef = B2FED8081F1BB6EF005AA45F /* KeyboardView.xib */; };
/* End PBXBuildFile section */

/* Begin PBXContainerItemProxy section */
		B2FED7DC1F1BB261005AA45F /* PBXContainerItemProxy */ = {
			isa = PBXContainerItemProxy;
			containerPortal = B2FED7BF1F1BB261005AA45F /* Project object */;
			proxyType = 1;
			remoteGlobalIDString = B2FED7C61F1BB261005AA45F;
			remoteInfo = kdb3;
		};
		B2FED7E71F1BB261005AA45F /* PBXContainerItemProxy */ = {
			isa = PBXContainerItemProxy;
			containerPortal = B2FED7BF1F1BB261005AA45F /* Project object */;
			proxyType = 1;
			remoteGlobalIDString = B2FED7C61F1BB261005AA45F;
			remoteInfo = kdb3;
		};
		B2FED8011F1BB37B005AA45F /* PBXContainerItemProxy */ = {
			isa = PBXContainerItemProxy;
			containerPortal = B2FED7BF1F1BB261005AA45F /* Project object */;
			proxyType = 1;
			remoteGlobalIDString = B2FED7FB1F1BB37B005AA45F;
			remoteInfo = "AC Keyboard";
		};
/* End PBXContainerItemProxy section */

/* Begin PBXCopyFilesBuildPhase section */
		B2FED8071F1BB37B005AA45F /* Embed App Extensions */ = {
			isa = PBXCopyFilesBuildPhase;
			buildActionMask = 2147483647;
			dstPath = "";
			dstSubfolderSpec = 13;
			files = (
				B2FED8031F1BB37B005AA45F /* AC Keyboard.appex in Embed App Extensions */,
			);
			name = "Embed App Extensions";
			runOnlyForDeploymentPostprocessing = 0;
		};
/* End PBXCopyFilesBuildPhase section */

/* Begin PBXFileReference section */
		B20B86CB1F20FB660067E08B /* kdb3.entitlements */ = {isa = PBXFileReference; lastKnownFileType = text.plist.entitlements; path = kdb3.entitlements; sourceTree = "<group>"; };
		B20B86CC1F20FCA70067E08B /* AC Keyboard.entitlements */ = {isa = PBXFileReference; lastKnownFileType = text.plist.entitlements; path = "AC Keyboard.entitlements"; sourceTree = "<group>"; };
		B22877E81F1FD18700141C72 /* hide.png */ = {isa = PBXFileReference; lastKnownFileType = image.png; name = hide.png; path = kdb3/images/hide.png; sourceTree = "<group>"; };
		B22877EB1F1FD38700141C72 /* Yahoo-Mail-logo.png */ = {isa = PBXFileReference; lastKnownFileType = image.png; name = "Yahoo-Mail-logo.png"; path = "kdb3/images/Yahoo-Mail-logo.png"; sourceTree = "<group>"; };
		B22877EC1F1FD38700141C72 /* thumbsdown.gif */ = {isa = PBXFileReference; lastKnownFileType = image.gif; name = thumbsdown.gif; path = kdb3/images/thumbsdown.gif; sourceTree = "<group>"; };
		B22877ED1F1FD38700141C72 /* funny.png */ = {isa = PBXFileReference; lastKnownFileType = image.png; name = funny.png; path = kdb3/images/funny.png; sourceTree = "<group>"; };
		B22877EE1F1FD38700141C72 /* sad.png */ = {isa = PBXFileReference; lastKnownFileType = image.png; name = sad.png; path = kdb3/images/sad.png; sourceTree = "<group>"; };
		B22877EF1F1FD38700141C72 /* ok.png */ = {isa = PBXFileReference; lastKnownFileType = image.png; name = ok.png; path = kdb3/images/ok.png; sourceTree = "<group>"; };
		B22877F01F1FD38700141C72 /* lcase.png */ = {isa = PBXFileReference; lastKnownFileType = image.png; name = lcase.png; path = kdb3/images/lcase.png; sourceTree = "<group>"; };
		B22877F11F1FD38700141C72 /* ucase.png */ = {isa = PBXFileReference; lastKnownFileType = image.png; name = ucase.png; path = kdb3/images/ucase.png; sourceTree = "<group>"; };
		B22877F21F1FD38700141C72 /* space.png */ = {isa = PBXFileReference; lastKnownFileType = image.png; name = space.png; path = kdb3/images/space.png; sourceTree = "<group>"; };
		B22877F31F1FD38700141C72 /* next.png */ = {isa = PBXFileReference; lastKnownFileType = image.png; name = next.png; path = kdb3/images/next.png; sourceTree = "<group>"; };
		B22877F51F1FD38700141C72 /* back.jpg */ = {isa = PBXFileReference; lastKnownFileType = image.jpeg; name = back.jpg; path = kdb3/images/back.jpg; sourceTree = "<group>"; };
		B22877F61F1FD38700141C72 /* return.png */ = {isa = PBXFileReference; lastKnownFileType = image.png; name = return.png; path = kdb3/images/return.png; sourceTree = "<group>"; };
		B228780F1F1FD7C500141C72 /* gmail.jpeg */ = {isa = PBXFileReference; lastKnownFileType = image.jpeg; name = gmail.jpeg; path = kdb3/images/gmail.jpeg; sourceTree = "<group>"; };
		B22878121F1FD95200141C72 /* gmail2.png */ = {isa = PBXFileReference; lastKnownFileType = image.png; name = gmail2.png; path = kdb3/images/gmail2.png; sourceTree = "<group>"; };
		B22878151F1FD9D900141C72 /* yahoomail.png */ = {isa = PBXFileReference; lastKnownFileType = image.png; name = yahoomail.png; path = kdb3/images/yahoomail.png; sourceTree = "<group>"; };
		B22878181F1FDA8100141C72 /* ymail.png */ = {isa = PBXFileReference; lastKnownFileType = image.png; name = ymail.png; path = kdb3/images/ymail.png; sourceTree = "<group>"; };
		B228781B1F1FDB6F00141C72 /* Phone.png */ = {isa = PBXFileReference; lastKnownFileType = image.png; name = Phone.png; path = kdb3/images/Phone.png; sourceTree = "<group>"; };
		B228781E1F1FDEC800141C72 /* secret.png */ = {isa = PBXFileReference; lastKnownFileType = image.png; name = secret.png; path = kdb3/images/secret.png; sourceTree = "<group>"; };
		B22F910D1F1D046E00E5E6AC /* fu.png */ = {isa = PBXFileReference; lastKnownFileType = image.png; name = fu.png; path = kdb3/images/fu.png; sourceTree = "<group>"; };
		B22F910E1F1D046E00E5E6AC /* noay.jpg */ = {isa = PBXFileReference; lastKnownFileType = image.jpeg; name = noay.jpg; path = kdb3/images/noay.jpg; sourceTree = "<group>"; };
		B22F910F1F1D046E00E5E6AC /* ok.jpg */ = {isa = PBXFileReference; lastKnownFileType = image.jpeg; name = ok.jpg; path = kdb3/images/ok.jpg; sourceTree = "<group>"; };
		B238E4C31F58602300A1C771 /* more1.png */ = {isa = PBXFileReference; lastKnownFileType = image.png; name = more1.png; path = kdb3/images/more1.png; sourceTree = "<group>"; };
		B24048311F2680AC00922CDE /* noway.png */ = {isa = PBXFileReference; lastKnownFileType = image.png; name = noway.png; path = kdb3/images/noway.png; sourceTree = "<group>"; };
		B24048351F2681E000922CDE /* thumbs_down_angry.png */ = {isa = PBXFileReference; lastKnownFileType = image.png; name = thumbs_down_angry.png; path = kdb3/images/thumbs_down_angry.png; sourceTree = "<group>"; };
		B24211D41F4CF7AA000A10ED /* truelove2.png */ = {isa = PBXFileReference; lastKnownFileType = image.png; name = truelove2.png; path = kdb3/images/truelove2.png; sourceTree = "<group>"; };
		B24211D71F4CF90A000A10ED /* truelove.png */ = {isa = PBXFileReference; lastKnownFileType = image.png; name = truelove.png; path = kdb3/images/truelove.png; sourceTree = "<group>"; };
		B24211DD1F4DEFDA000A10ED /* es */ = {isa = PBXFileReference; lastKnownFileType = file.storyboard; name = es; path = es.lproj/Main.storyboard; sourceTree = "<group>"; };
		B24211DE1F4DEFDA000A10ED /* es */ = {isa = PBXFileReference; lastKnownFileType = file.storyboard; name = es; path = es.lproj/LaunchScreen.storyboard; sourceTree = "<group>"; };
		B24211E41F4DFBBE000A10ED /* en */ = {isa = PBXFileReference; lastKnownFileType = text.plist.strings; name = en; path = en.lproj/Localizable.strings; sourceTree = "<group>"; };
		B24211E61F4DFBC4000A10ED /* es */ = {isa = PBXFileReference; lastKnownFileType = text.plist.strings; name = es; path = es.lproj/Localizable.strings; sourceTree = "<group>"; };
		B257CCF91F292E6C009DD6DD /* Settings.bundle */ = {isa = PBXFileReference; lastKnownFileType = "wrapper.plug-in"; path = Settings.bundle; sourceTree = "<group>"; };
		B257CCFC1F2938E7009DD6DD /* ohno.png */ = {isa = PBXFileReference; lastKnownFileType = image.png; name = ohno.png; path = kdb3/images/ohno.png; sourceTree = "<group>"; };
		B257CCFF1F293CB5009DD6DD /* imsick.png */ = {isa = PBXFileReference; lastKnownFileType = image.png; name = imsick.png; path = kdb3/images/imsick.png; sourceTree = "<group>"; };
		B257CD001F293CB5009DD6DD /* noway2.gif */ = {isa = PBXFileReference; lastKnownFileType = image.gif; name = noway2.gif; path = kdb3/images/noway2.gif; sourceTree = "<group>"; };
		B257CD011F293CB5009DD6DD /* sohappy.png */ = {isa = PBXFileReference; lastKnownFileType = image.png; name = sohappy.png; path = kdb3/images/sohappy.png; sourceTree = "<group>"; };
		B257CD021F293CB5009DD6DD /* wasntme.png */ = {isa = PBXFileReference; lastKnownFileType = image.png; name = wasntme.png; path = kdb3/images/wasntme.png; sourceTree = "<group>"; };
		B257CD031F293CB5009DD6DD /* what.png */ = {isa = PBXFileReference; lastKnownFileType = image.png; name = what.png; path = kdb3/images/what.png; sourceTree = "<group>"; };
		B26993EF1F54A11C00E405D5 /* cervantes.jpg */ = {isa = PBXFileReference; lastKnownFileType = image.jpeg; name = cervantes.jpg; path = kdb3/images/cervantes.jpg; sourceTree = "<group>"; };
		B26993F01F54A11C00E405D5 /* shakespeare.jpg */ = {isa = PBXFileReference; lastKnownFileType = image.jpeg; name = shakespeare.jpg; path = kdb3/images/shakespeare.jpg; sourceTree = "<group>"; };
		B26993F51F54AEB200E405D5 /* cervantes.png */ = {isa = PBXFileReference; lastKnownFileType = image.png; name = cervantes.png; path = kdb3/images/cervantes.png; sourceTree = "<group>"; };
		B26993F81F55DAA000E405D5 /* cervantes2.png */ = {isa = PBXFileReference; lastKnownFileType = image.png; name = cervantes2.png; path = kdb3/images/cervantes2.png; sourceTree = "<group>"; };
		B26EDEFD1F65ABA900EFAEBF /* boobs1.jpg */ = {isa = PBXFileReference; lastKnownFileType = image.jpeg; name = boobs1.jpg; path = kdb3/images/boobs1.jpg; sourceTree = "<group>"; };
		B276598A1F5F399A00320DE5 /* love1.png */ = {isa = PBXFileReference; lastKnownFileType = image.png; name = love1.png; path = kdb3/images/love1.png; sourceTree = "<group>"; };
		B276598B1F5F399A00320DE5 /* love2.png */ = {isa = PBXFileReference; lastKnownFileType = image.png; name = love2.png; path = kdb3/images/love2.png; sourceTree = "<group>"; };
		B27659901F5F442B00320DE5 /* more.png */ = {isa = PBXFileReference; lastKnownFileType = image.png; name = more.png; path = kdb3/images/more.png; sourceTree = "<group>"; };
		B27659911F5F442B00320DE5 /* return1.png */ = {isa = PBXFileReference; lastKnownFileType = image.png; name = return1.png; path = kdb3/images/return1.png; sourceTree = "<group>"; };
		B27C4A351F5C48EB00B16820 /* more2.png */ = {isa = PBXFileReference; lastKnownFileType = image.png; name = more2.png; path = kdb3/images/more2.png; sourceTree = "<group>"; };
		B29722C41F4C7DA700B2B00D /* ahhhhh.jpg */ = {isa = PBXFileReference; lastKnownFileType = image.jpeg; name = ahhhhh.jpg; path = kdb3/images/ahhhhh.jpg; sourceTree = "<group>"; };
		B29722C61F4C7DA700B2B00D /* crying.png */ = {isa = PBXFileReference; lastKnownFileType = image.png; name = crying.png; path = kdb3/images/crying.png; sourceTree = "<group>"; };
		B29722C71F4C7DA700B2B00D /* happy.png */ = {isa = PBXFileReference; lastKnownFileType = image.png; name = happy.png; path = kdb3/images/happy.png; sourceTree = "<group>"; };
		B29722C81F4C7DA700B2B00D /* haveadrink.jpg */ = {isa = PBXFileReference; lastKnownFileType = image.jpeg; name = haveadrink.jpg; path = kdb3/images/haveadrink.jpg; sourceTree = "<group>"; };
		B29722C91F4C7DA700B2B00D /* Image-11.png */ = {isa = PBXFileReference; lastKnownFileType = image.png; name = "Image-11.png"; path = "kdb3/images/Image-11.png"; sourceTree = "<group>"; };
		B29722CA1F4C7DA700B2B00D /* iwarnyou.png */ = {isa = PBXFileReference; lastKnownFileType = image.png; name = iwarnyou.png; path = kdb3/images/iwarnyou.png; sourceTree = "<group>"; };
		B29722CB1F4C7DA700B2B00D /* laugh2.png */ = {isa = PBXFileReference; lastKnownFileType = image.png; name = laugh2.png; path = kdb3/images/laugh2.png; sourceTree = "<group>"; };
		B29722CC1F4C7DA700B2B00D /* lock.png */ = {isa = PBXFileReference; lastKnownFileType = image.png; name = lock.png; path = kdb3/images/lock.png; sourceTree = "<group>"; };
		B29722CD1F4C7DA700B2B00D /* lock2.png */ = {isa = PBXFileReference; lastKnownFileType = image.png; name = lock2.png; path = kdb3/images/lock2.png; sourceTree = "<group>"; };
		B29722CE1F4C7DA700B2B00D /* stella.jpg */ = {isa = PBXFileReference; lastKnownFileType = image.jpeg; name = stella.jpg; path = kdb3/images/stella.jpg; sourceTree = "<group>"; };
		B29722EB1F4C811000B2B00D /* badday.png */ = {isa = PBXFileReference; lastKnownFileType = image.png; name = badday.png; path = kdb3/images/badday.png; sourceTree = "<group>"; };
		B29DC8051F3626ED00EF277C /* icon.png */ = {isa = PBXFileReference; lastKnownFileType = image.png; name = icon.png; path = kdb3/icon.png; sourceTree = "<group>"; };
		B2A01E7F1F2984FE00BF1F7C /* wink.png */ = {isa = PBXFileReference; lastKnownFileType = image.png; name = wink.png; path = kdb3/images/wink.png; sourceTree = "<group>"; };
		B2A01E821F29866300BF1F7C /* wtf.png */ = {isa = PBXFileReference; lastKnownFileType = image.png; name = wtf.png; path = kdb3/images/wtf.png; sourceTree = "<group>"; };
		B2A3ADC01F4BD40E0007400B /* ohno2.png */ = {isa = PBXFileReference; lastKnownFileType = image.png; name = ohno2.png; path = kdb3/images/ohno2.png; sourceTree = "<group>"; };
		B2A3ADC11F4BD40E0007400B /* oy.jpeg */ = {isa = PBXFileReference; lastKnownFileType = image.jpeg; name = oy.jpeg; path = kdb3/images/oy.jpeg; sourceTree = "<group>"; };
		B2A3ADC21F4BD40E0007400B /* waiting.png */ = {isa = PBXFileReference; lastKnownFileType = image.png; name = waiting.png; path = kdb3/images/waiting.png; sourceTree = "<group>"; };
		B2A68B081F5B1AD60006670C /* Cervantes.swift */ = {isa = PBXFileReference; fileEncoding = 4; lastKnownFileType = sourcecode.swift; path = Cervantes.swift; sourceTree = "<group>"; };
		B2A68B0B1F5B29010006670C /* insult.jpg */ = {isa = PBXFileReference; lastKnownFileType = image.jpeg; name = insult.jpg; path = kdb3/images/insult.jpg; sourceTree = "<group>"; };
		B2A68B0C1F5B29010006670C /* insult2.jpg */ = {isa = PBXFileReference; lastKnownFileType = image.jpeg; name = insult2.jpg; path = kdb3/images/insult2.jpg; sourceTree = "<group>"; };
		B2A68B0D1F5B29010006670C /* insult3.jpg */ = {isa = PBXFileReference; lastKnownFileType = image.jpeg; name = insult3.jpg; path = kdb3/images/insult3.jpg; sourceTree = "<group>"; };
		B2A68B141F5B2EEB0006670C /* trump.jpg */ = {isa = PBXFileReference; lastKnownFileType = image.jpeg; name = trump.jpg; path = kdb3/images/trump.jpg; sourceTree = "<group>"; };
		B2A68B151F5B2EEB0006670C /* trump2.png */ = {isa = PBXFileReference; lastKnownFileType = image.png; name = trump2.png; path = kdb3/images/trump2.png; sourceTree = "<group>"; };
		B2CD1D2D1F4730CA0002090A /* Bard.swift */ = {isa = PBXFileReference; fileEncoding = 4; lastKnownFileType = sourcecode.swift; path = Bard.swift; sourceTree = "<group>"; };
		B2CD1D2F1F473B170002090A /* angry.jpeg */ = {isa = PBXFileReference; lastKnownFileType = image.jpeg; name = angry.jpeg; path = kdb3/images/angry.jpeg; sourceTree = "<group>"; };
		B2CD1D301F473B170002090A /* thebard.jpg */ = {isa = PBXFileReference; lastKnownFileType = image.jpeg; name = thebard.jpg; path = kdb3/images/thebard.jpg; sourceTree = "<group>"; };
		B2CD1D311F473B170002090A /* thebard2.jpg */ = {isa = PBXFileReference; lastKnownFileType = image.jpeg; name = thebard2.jpg; path = kdb3/images/thebard2.jpg; sourceTree = "<group>"; };
		B2CD1D321F473B170002090A /* thebard3.jpeg */ = {isa = PBXFileReference; lastKnownFileType = image.jpeg; name = thebard3.jpeg; path = kdb3/images/thebard3.jpeg; sourceTree = "<group>"; };
		B2CD1D3B1F4744CF0002090A /* secret1.png */ = {isa = PBXFileReference; lastKnownFileType = image.png; name = secret1.png; path = kdb3/images/secret1.png; sourceTree = "<group>"; };
		B2CD1D3E1F4754F60002090A /* secret2.png */ = {isa = PBXFileReference; lastKnownFileType = image.png; name = secret2.png; path = kdb3/images/secret2.png; sourceTree = "<group>"; };
		B2CD1D411F475B000002090A /* secret3.png */ = {isa = PBXFileReference; lastKnownFileType = image.png; name = secret3.png; path = kdb3/images/secret3.png; sourceTree = "<group>"; };
		B2CD1D441F4787810002090A /* secret4.png */ = {isa = PBXFileReference; lastKnownFileType = image.png; name = secret4.png; path = kdb3/images/secret4.png; sourceTree = "<group>"; };
		B2CD1D471F478A8E0002090A /* secret5.png */ = {isa = PBXFileReference; lastKnownFileType = image.png; name = secret5.png; path = kdb3/images/secret5.png; sourceTree = "<group>"; };
		B2D80E581F6C2A5F00CB09B5 /* String.swift */ = {isa = PBXFileReference; lastKnownFileType = sourcecode.swift; path = String.swift; sourceTree = "<group>"; };
		B2F2F4441F21627900804898 /* KeyboardView.swift */ = {isa = PBXFileReference; fileEncoding = 4; lastKnownFileType = sourcecode.swift; path = KeyboardView.swift; sourceTree = "<group>"; };
		B2FED7C71F1BB261005AA45F /* kdb3.app */ = {isa = PBXFileReference; explicitFileType = wrapper.application; includeInIndex = 0; path = kdb3.app; sourceTree = BUILT_PRODUCTS_DIR; };
		B2FED7CA1F1BB261005AA45F /* AppDelegate.swift */ = {isa = PBXFileReference; lastKnownFileType = sourcecode.swift; path = AppDelegate.swift; sourceTree = "<group>"; };
		B2FED7CC1F1BB261005AA45F /* ViewController.swift */ = {isa = PBXFileReference; lastKnownFileType = sourcecode.swift; path = ViewController.swift; sourceTree = "<group>"; };
		B2FED7CF1F1BB261005AA45F /* Base */ = {isa = PBXFileReference; lastKnownFileType = file.storyboard; name = Base; path = Base.lproj/Main.storyboard; sourceTree = "<group>"; };
		B2FED7D11F1BB261005AA45F /* Assets.xcassets */ = {isa = PBXFileReference; lastKnownFileType = folder.assetcatalog; path = Assets.xcassets; sourceTree = "<group>"; };
		B2FED7D41F1BB261005AA45F /* Base */ = {isa = PBXFileReference; lastKnownFileType = file.storyboard; name = Base; path = Base.lproj/LaunchScreen.storyboard; sourceTree = "<group>"; };
		B2FED7D61F1BB261005AA45F /* Info.plist */ = {isa = PBXFileReference; lastKnownFileType = text.plist.xml; path = Info.plist; sourceTree = "<group>"; };
		B2FED7DB1F1BB261005AA45F /* kdb3Tests.xctest */ = {isa = PBXFileReference; explicitFileType = wrapper.cfbundle; includeInIndex = 0; path = kdb3Tests.xctest; sourceTree = BUILT_PRODUCTS_DIR; };
		B2FED7DF1F1BB261005AA45F /* kdb3Tests.swift */ = {isa = PBXFileReference; lastKnownFileType = sourcecode.swift; path = kdb3Tests.swift; sourceTree = "<group>"; };
		B2FED7E11F1BB261005AA45F /* Info.plist */ = {isa = PBXFileReference; lastKnownFileType = text.plist.xml; path = Info.plist; sourceTree = "<group>"; };
		B2FED7E61F1BB261005AA45F /* kdb3UITests.xctest */ = {isa = PBXFileReference; explicitFileType = wrapper.cfbundle; includeInIndex = 0; path = kdb3UITests.xctest; sourceTree = BUILT_PRODUCTS_DIR; };
		B2FED7EA1F1BB261005AA45F /* kdb3UITests.swift */ = {isa = PBXFileReference; lastKnownFileType = sourcecode.swift; path = kdb3UITests.swift; sourceTree = "<group>"; };
		B2FED7EC1F1BB261005AA45F /* Info.plist */ = {isa = PBXFileReference; lastKnownFileType = text.plist.xml; path = Info.plist; sourceTree = "<group>"; };
		B2FED7FC1F1BB37B005AA45F /* AC Keyboard.appex */ = {isa = PBXFileReference; explicitFileType = "wrapper.app-extension"; includeInIndex = 0; path = "AC Keyboard.appex"; sourceTree = BUILT_PRODUCTS_DIR; };
		B2FED7FE1F1BB37B005AA45F /* KeyboardViewController.swift */ = {isa = PBXFileReference; lastKnownFileType = sourcecode.swift; path = KeyboardViewController.swift; sourceTree = "<group>"; };
		B2FED8001F1BB37B005AA45F /* Info.plist */ = {isa = PBXFileReference; lastKnownFileType = text.plist.xml; path = Info.plist; sourceTree = "<group>"; };
		B2FED8081F1BB6EF005AA45F /* KeyboardView.xib */ = {isa = PBXFileReference; fileEncoding = 4; lastKnownFileType = file.xib; path = KeyboardView.xib; sourceTree = "<group>"; };
/* End PBXFileReference section */

/* Begin PBXFrameworksBuildPhase section */
		B2FED7C41F1BB261005AA45F /* Frameworks */ = {
			isa = PBXFrameworksBuildPhase;
			buildActionMask = 2147483647;
			files = (
			);
			runOnlyForDeploymentPostprocessing = 0;
		};
		B2FED7D81F1BB261005AA45F /* Frameworks */ = {
			isa = PBXFrameworksBuildPhase;
			buildActionMask = 2147483647;
			files = (
			);
			runOnlyForDeploymentPostprocessing = 0;
		};
		B2FED7E31F1BB261005AA45F /* Frameworks */ = {
			isa = PBXFrameworksBuildPhase;
			buildActionMask = 2147483647;
			files = (
			);
			runOnlyForDeploymentPostprocessing = 0;
		};
		B2FED7F91F1BB37B005AA45F /* Frameworks */ = {
			isa = PBXFrameworksBuildPhase;
			buildActionMask = 2147483647;
			files = (
			);
			runOnlyForDeploymentPostprocessing = 0;
		};
/* End PBXFrameworksBuildPhase section */

/* Begin PBXGroup section */
		B22F910C1F1D035300E5E6AC /* images */ = {
			isa = PBXGroup;
			children = (
				B26EDEFD1F65ABA900EFAEBF /* boobs1.jpg */,
				B27659901F5F442B00320DE5 /* more.png */,
				B27659911F5F442B00320DE5 /* return1.png */,
				B276598A1F5F399A00320DE5 /* love1.png */,
				B276598B1F5F399A00320DE5 /* love2.png */,
				B27C4A351F5C48EB00B16820 /* more2.png */,
				B2A68B141F5B2EEB0006670C /* trump.jpg */,
				B2A68B151F5B2EEB0006670C /* trump2.png */,
				B2A68B0B1F5B29010006670C /* insult.jpg */,
				B2A68B0C1F5B29010006670C /* insult2.jpg */,
				B2A68B0D1F5B29010006670C /* insult3.jpg */,
				B238E4C31F58602300A1C771 /* more1.png */,
				B26993F81F55DAA000E405D5 /* cervantes2.png */,
				B26993F51F54AEB200E405D5 /* cervantes.png */,
				B26993EF1F54A11C00E405D5 /* cervantes.jpg */,
				B26993F01F54A11C00E405D5 /* shakespeare.jpg */,
				B24211D71F4CF90A000A10ED /* truelove.png */,
				B24211D41F4CF7AA000A10ED /* truelove2.png */,
				B29722C41F4C7DA700B2B00D /* ahhhhh.jpg */,
				B2CD1D2F1F473B170002090A /* angry.jpeg */,
				B22877F51F1FD38700141C72 /* back.jpg */,
				B29722EB1F4C811000B2B00D /* badday.png */,
				B29722C61F4C7DA700B2B00D /* crying.png */,
				B22F910D1F1D046E00E5E6AC /* fu.png */,
				B22877ED1F1FD38700141C72 /* funny.png */,
				B228780F1F1FD7C500141C72 /* gmail.jpeg */,
				B22878121F1FD95200141C72 /* gmail2.png */,
				B29722C71F4C7DA700B2B00D /* happy.png */,
				B29722C81F4C7DA700B2B00D /* haveadrink.jpg */,
				B22877E81F1FD18700141C72 /* hide.png */,
				B29DC8051F3626ED00EF277C /* icon.png */,
				B29722C91F4C7DA700B2B00D /* Image-11.png */,
				B257CCFF1F293CB5009DD6DD /* imsick.png */,
				B29722CA1F4C7DA700B2B00D /* iwarnyou.png */,
				B29722CB1F4C7DA700B2B00D /* laugh2.png */,
				B22877F01F1FD38700141C72 /* lcase.png */,
				B29722CC1F4C7DA700B2B00D /* lock.png */,
				B29722CD1F4C7DA700B2B00D /* lock2.png */,
				B22877F31F1FD38700141C72 /* next.png */,
				B22F910E1F1D046E00E5E6AC /* noay.jpg */,
				B24048311F2680AC00922CDE /* noway.png */,
				B257CD001F293CB5009DD6DD /* noway2.gif */,
				B257CCFC1F2938E7009DD6DD /* ohno.png */,
				B2A3ADC01F4BD40E0007400B /* ohno2.png */,
				B22F910F1F1D046E00E5E6AC /* ok.jpg */,
				B22877EF1F1FD38700141C72 /* ok.png */,
				B2A3ADC11F4BD40E0007400B /* oy.jpeg */,
				B228781B1F1FDB6F00141C72 /* Phone.png */,
				B22877F61F1FD38700141C72 /* return.png */,
				B22877EE1F1FD38700141C72 /* sad.png */,
				B228781E1F1FDEC800141C72 /* secret.png */,
				B2CD1D3B1F4744CF0002090A /* secret1.png */,
				B2CD1D3E1F4754F60002090A /* secret2.png */,
				B2CD1D411F475B000002090A /* secret3.png */,
				B2CD1D441F4787810002090A /* secret4.png */,
				B2CD1D471F478A8E0002090A /* secret5.png */,
				B257CD011F293CB5009DD6DD /* sohappy.png */,
				B22877F21F1FD38700141C72 /* space.png */,
				B29722CE1F4C7DA700B2B00D /* stella.jpg */,
				B2CD1D301F473B170002090A /* thebard.jpg */,
				B2CD1D311F473B170002090A /* thebard2.jpg */,
				B2CD1D321F473B170002090A /* thebard3.jpeg */,
				B24048351F2681E000922CDE /* thumbs_down_angry.png */,
				B22877EC1F1FD38700141C72 /* thumbsdown.gif */,
				B22877F11F1FD38700141C72 /* ucase.png */,
				B2A3ADC21F4BD40E0007400B /* waiting.png */,
				B257CD021F293CB5009DD6DD /* wasntme.png */,
				B257CD031F293CB5009DD6DD /* what.png */,
				B2A01E7F1F2984FE00BF1F7C /* wink.png */,
				B2A01E821F29866300BF1F7C /* wtf.png */,
				B22877EB1F1FD38700141C72 /* Yahoo-Mail-logo.png */,
				B22878181F1FDA8100141C72 /* ymail.png */,
			);
			name = images;
			sourceTree = "<group>";
		};
		B24211DC1F4DD9BC000A10ED /* Supporting Files */ = {
			isa = PBXGroup;
			children = (
			);
			name = "Supporting Files";
			sourceTree = "<group>";
		};
		B2FED7BE1F1BB261005AA45F = {
			isa = PBXGroup;
			children = (
				B257CCF91F292E6C009DD6DD /* Settings.bundle */,
				B22878151F1FD9D900141C72 /* yahoomail.png */,
				B22F910C1F1D035300E5E6AC /* images */,
				B2FED7C91F1BB261005AA45F /* kdb3 */,
				B2FED7DE1F1BB261005AA45F /* kdb3Tests */,
				B2FED7E91F1BB261005AA45F /* kdb3UITests */,
				B2FED7FD1F1BB37B005AA45F /* AC Keyboard */,
				B2FED7C81F1BB261005AA45F /* Products */,
			);
			sourceTree = "<group>";
		};
		B2FED7C81F1BB261005AA45F /* Products */ = {
			isa = PBXGroup;
			children = (
				B2FED7C71F1BB261005AA45F /* kdb3.app */,
				B2FED7DB1F1BB261005AA45F /* kdb3Tests.xctest */,
				B2FED7E61F1BB261005AA45F /* kdb3UITests.xctest */,
				B2FED7FC1F1BB37B005AA45F /* AC Keyboard.appex */,
			);
			name = Products;
			sourceTree = "<group>";
		};
		B2FED7C91F1BB261005AA45F /* kdb3 */ = {
			isa = PBXGroup;
			children = (
				B20B86CB1F20FB660067E08B /* kdb3.entitlements */,
				B2FED7CA1F1BB261005AA45F /* AppDelegate.swift */,
				B2FED7CC1F1BB261005AA45F /* ViewController.swift */,
				B2FED7CE1F1BB261005AA45F /* Main.storyboard */,
				B2FED7D11F1BB261005AA45F /* Assets.xcassets */,
				B2FED7D31F1BB261005AA45F /* LaunchScreen.storyboard */,
				B2FED7D61F1BB261005AA45F /* Info.plist */,
				B2D80E581F6C2A5F00CB09B5 /* String.swift */,
			);
			path = kdb3;
			sourceTree = "<group>";
		};
		B2FED7DE1F1BB261005AA45F /* kdb3Tests */ = {
			isa = PBXGroup;
			children = (
				B2FED7DF1F1BB261005AA45F /* kdb3Tests.swift */,
				B2FED7E11F1BB261005AA45F /* Info.plist */,
			);
			path = kdb3Tests;
			sourceTree = "<group>";
		};
		B2FED7E91F1BB261005AA45F /* kdb3UITests */ = {
			isa = PBXGroup;
			children = (
				B2FED7EA1F1BB261005AA45F /* kdb3UITests.swift */,
				B2FED7EC1F1BB261005AA45F /* Info.plist */,
			);
			path = kdb3UITests;
			sourceTree = "<group>";
		};
		B2FED7FD1F1BB37B005AA45F /* AC Keyboard */ = {
			isa = PBXGroup;
			children = (
				B2A68B081F5B1AD60006670C /* Cervantes.swift */,
				B24211DC1F4DD9BC000A10ED /* Supporting Files */,
				B2FED7FE1F1BB37B005AA45F /* KeyboardViewController.swift */,
				B20B86CC1F20FCA70067E08B /* AC Keyboard.entitlements */,
				B2FED8001F1BB37B005AA45F /* Info.plist */,
				B2FED8081F1BB6EF005AA45F /* KeyboardView.xib */,
				B2F2F4441F21627900804898 /* KeyboardView.swift */,
				B2CD1D2D1F4730CA0002090A /* Bard.swift */,
				B24211E51F4DFBBE000A10ED /* Localizable.strings */,
			);
			path = "AC Keyboard";
			sourceTree = "<group>";
		};
/* End PBXGroup section */

/* Begin PBXNativeTarget section */
		B2FED7C61F1BB261005AA45F /* kdb3 */ = {
			isa = PBXNativeTarget;
			buildConfigurationList = B2FED7EF1F1BB261005AA45F /* Build configuration list for PBXNativeTarget "kdb3" */;
			buildPhases = (
				B2FED7C31F1BB261005AA45F /* Sources */,
				B2FED7C41F1BB261005AA45F /* Frameworks */,
				B2FED7C51F1BB261005AA45F /* Resources */,
				B2FED8071F1BB37B005AA45F /* Embed App Extensions */,
			);
			buildRules = (
			);
			dependencies = (
				B2FED8021F1BB37B005AA45F /* PBXTargetDependency */,
			);
			name = kdb3;
			productName = kdb3;
			productReference = B2FED7C71F1BB261005AA45F /* kdb3.app */;
			productType = "com.apple.product-type.application";
		};
		B2FED7DA1F1BB261005AA45F /* kdb3Tests */ = {
			isa = PBXNativeTarget;
			buildConfigurationList = B2FED7F21F1BB261005AA45F /* Build configuration list for PBXNativeTarget "kdb3Tests" */;
			buildPhases = (
				B2FED7D71F1BB261005AA45F /* Sources */,
				B2FED7D81F1BB261005AA45F /* Frameworks */,
				B2FED7D91F1BB261005AA45F /* Resources */,
			);
			buildRules = (
			);
			dependencies = (
				B2FED7DD1F1BB261005AA45F /* PBXTargetDependency */,
			);
			name = kdb3Tests;
			productName = kdb3Tests;
			productReference = B2FED7DB1F1BB261005AA45F /* kdb3Tests.xctest */;
			productType = "com.apple.product-type.bundle.unit-test";
		};
		B2FED7E51F1BB261005AA45F /* kdb3UITests */ = {
			isa = PBXNativeTarget;
			buildConfigurationList = B2FED7F51F1BB261005AA45F /* Build configuration list for PBXNativeTarget "kdb3UITests" */;
			buildPhases = (
				B2FED7E21F1BB261005AA45F /* Sources */,
				B2FED7E31F1BB261005AA45F /* Frameworks */,
				B2FED7E41F1BB261005AA45F /* Resources */,
			);
			buildRules = (
			);
			dependencies = (
				B2FED7E81F1BB261005AA45F /* PBXTargetDependency */,
			);
			name = kdb3UITests;
			productName = kdb3UITests;
			productReference = B2FED7E61F1BB261005AA45F /* kdb3UITests.xctest */;
			productType = "com.apple.product-type.bundle.ui-testing";
		};
		B2FED7FB1F1BB37B005AA45F /* AC Keyboard */ = {
			isa = PBXNativeTarget;
			buildConfigurationList = B2FED8041F1BB37B005AA45F /* Build configuration list for PBXNativeTarget "AC Keyboard" */;
			buildPhases = (
				B2FED7F81F1BB37B005AA45F /* Sources */,
				B2FED7F91F1BB37B005AA45F /* Frameworks */,
				B2FED7FA1F1BB37B005AA45F /* Resources */,
			);
			buildRules = (
			);
			dependencies = (
			);
			name = "AC Keyboard";
			productName = "AC Keyboard";
			productReference = B2FED7FC1F1BB37B005AA45F /* AC Keyboard.appex */;
			productType = "com.apple.product-type.app-extension";
		};
/* End PBXNativeTarget section */

/* Begin PBXProject section */
		B2FED7BF1F1BB261005AA45F /* Project object */ = {
			isa = PBXProject;
			attributes = {
				LastSwiftUpdateCheck = 0830;
				LastUpgradeCheck = 0830;
				ORGANIZATIONNAME = "Alben Software";
				TargetAttributes = {
					B2FED7C61F1BB261005AA45F = {
						CreatedOnToolsVersion = 8.3.3;
						DevelopmentTeam = 388X7HA3JM;
						LastSwiftMigration = 0830;
						ProvisioningStyle = Automatic;
						SystemCapabilities = {
							com.apple.ApplicationGroups.iOS = {
								enabled = 1;
							};
						};
					};
					B2FED7DA1F1BB261005AA45F = {
						CreatedOnToolsVersion = 8.3.3;
						DevelopmentTeam = 388X7HA3JM;
						ProvisioningStyle = Automatic;
						TestTargetID = B2FED7C61F1BB261005AA45F;
					};
					B2FED7E51F1BB261005AA45F = {
						CreatedOnToolsVersion = 8.3.3;
						DevelopmentTeam = 388X7HA3JM;
						ProvisioningStyle = Automatic;
						TestTargetID = B2FED7C61F1BB261005AA45F;
					};
					B2FED7FB1F1BB37B005AA45F = {
						CreatedOnToolsVersion = 8.3.3;
						DevelopmentTeam = 388X7HA3JM;
						LastSwiftMigration = 0830;
						ProvisioningStyle = Automatic;
						SystemCapabilities = {
							com.apple.ApplicationGroups.iOS = {
								enabled = 1;
							};
						};
					};
				};
			};
			buildConfigurationList = B2FED7C21F1BB261005AA45F /* Build configuration list for PBXProject "kdb3" */;
			compatibilityVersion = "Xcode 3.2";
			developmentRegion = English;
			hasScannedForEncodings = 0;
			knownRegions = (
				en,
				Base,
				es,
			);
			mainGroup = B2FED7BE1F1BB261005AA45F;
			productRefGroup = B2FED7C81F1BB261005AA45F /* Products */;
			projectDirPath = "";
			projectRoot = "";
			targets = (
				B2FED7C61F1BB261005AA45F /* kdb3 */,
				B2FED7DA1F1BB261005AA45F /* kdb3Tests */,
				B2FED7E51F1BB261005AA45F /* kdb3UITests */,
				B2FED7FB1F1BB37B005AA45F /* AC Keyboard */,
			);
		};
/* End PBXProject section */

/* Begin PBXResourcesBuildPhase section */
		B2FED7C51F1BB261005AA45F /* Resources */ = {
			isa = PBXResourcesBuildPhase;
			buildActionMask = 2147483647;
			files = (
				B26993F91F55DAA000E405D5 /* cervantes2.png in Resources */,
				B2CD1D351F473B170002090A /* thebard.jpg in Resources */,
				B24048361F2681E000922CDE /* thumbs_down_angry.png in Resources */,
				B29722D71F4C7DA700B2B00D /* happy.png in Resources */,
				B27659941F5F442B00320DE5 /* return1.png in Resources */,
				B22F91101F1D046E00E5E6AC /* fu.png in Resources */,
				B22F91121F1D046E00E5E6AC /* ok.jpg in Resources */,
				B257CD041F293CB5009DD6DD /* imsick.png in Resources */,
				B22878131F1FD95200141C72 /* gmail2.png in Resources */,
				B29722D51F4C7DA700B2B00D /* crying.png in Resources */,
				B29722DF1F4C7DA700B2B00D /* laugh2.png in Resources */,
				B22F91111F1D046E00E5E6AC /* noay.jpg in Resources */,
				B26993F31F54A11C00E405D5 /* shakespeare.jpg in Resources */,
				B257CD061F293CB5009DD6DD /* noway2.gif in Resources */,
				B2CD1D371F473B170002090A /* thebard2.jpg in Resources */,
				B2A68B161F5B2EEB0006670C /* trump.jpg in Resources */,
				B2CD1D421F475B000002090A /* secret3.png in Resources */,
				B26993F11F54A11C00E405D5 /* cervantes.jpg in Resources */,
				B2FED7D51F1BB261005AA45F /* LaunchScreen.storyboard in Resources */,
				B22878161F1FD9D900141C72 /* yahoomail.png in Resources */,
				B228781C1F1FDB6F00141C72 /* Phone.png in Resources */,
				B228780B1F1FD38700141C72 /* back.jpg in Resources */,
				B2A68B0E1F5B29010006670C /* insult.jpg in Resources */,
				B2A3ADC31F4BD40E0007400B /* ohno2.png in Resources */,
				B22877F71F1FD38700141C72 /* Yahoo-Mail-logo.png in Resources */,
				B2CD1D391F473B170002090A /* thebard3.jpeg in Resources */,
				B2A3ADC51F4BD40E0007400B /* waiting.png in Resources */,
				B2FED7D21F1BB261005AA45F /* Assets.xcassets in Resources */,
				B2A68B101F5B29010006670C /* insult2.jpg in Resources */,
				B238E4C41F58602300A1C771 /* more1.png in Resources */,
				B22877F91F1FD38700141C72 /* thumbsdown.gif in Resources */,
				B24211D51F4CF7AA000A10ED /* truelove2.png in Resources */,
				B2CD1D481F478A8E0002090A /* secret5.png in Resources */,
				B22878051F1FD38700141C72 /* space.png in Resources */,
				B22877E91F1FD18700141C72 /* hide.png in Resources */,
				B257CD081F293CB5009DD6DD /* sohappy.png in Resources */,
				B228781F1F1FDEC800141C72 /* secret.png in Resources */,
				B228780D1F1FD38700141C72 /* return.png in Resources */,
				B22878101F1FD7C500141C72 /* gmail.jpeg in Resources */,
				B29DC8061F3626ED00EF277C /* icon.png in Resources */,
				B276598C1F5F399A00320DE5 /* love1.png in Resources */,
				B2CD1D3C1F4744CF0002090A /* secret1.png in Resources */,
				B2A68B181F5B2EEB0006670C /* trump2.png in Resources */,
				B257CD0C1F293CB5009DD6DD /* what.png in Resources */,
				B22877FD1F1FD38700141C72 /* sad.png in Resources */,
				B2CD1D451F4787810002090A /* secret4.png in Resources */,
				B22878071F1FD38700141C72 /* next.png in Resources */,
				B22877FB1F1FD38700141C72 /* funny.png in Resources */,
				B29722DD1F4C7DA700B2B00D /* iwarnyou.png in Resources */,
				B29722E51F4C7DA700B2B00D /* stella.jpg in Resources */,
				B2FED7D01F1BB261005AA45F /* Main.storyboard in Resources */,
				B27659921F5F442B00320DE5 /* more.png in Resources */,
				B29722D11F4C7DA700B2B00D /* ahhhhh.jpg in Resources */,
				B26EDEFE1F65ABA900EFAEBF /* boobs1.jpg in Resources */,
				B2CD1D3F1F4754F60002090A /* secret2.png in Resources */,
				B22877FF1F1FD38700141C72 /* ok.png in Resources */,
				B29722E31F4C7DA700B2B00D /* lock2.png in Resources */,
				B29722DB1F4C7DA700B2B00D /* Image-11.png in Resources */,
				B2A01E831F29866300BF1F7C /* wtf.png in Resources */,
				B24211E21F4DFBBE000A10ED /* Localizable.strings in Resources */,
				B29722D91F4C7DA700B2B00D /* haveadrink.jpg in Resources */,
				B27C4A361F5C48EB00B16820 /* more2.png in Resources */,
				B22878011F1FD38700141C72 /* lcase.png in Resources */,
				B22878031F1FD38700141C72 /* ucase.png in Resources */,
				B276598E1F5F399A00320DE5 /* love2.png in Resources */,
				B24048321F2680AC00922CDE /* noway.png in Resources */,
				B257CCFA1F292E6C009DD6DD /* Settings.bundle in Resources */,
				B29722E11F4C7DA700B2B00D /* lock.png in Resources */,
				B257CD0A1F293CB5009DD6DD /* wasntme.png in Resources */,
				B22878191F1FDA8100141C72 /* ymail.png in Resources */,
				B2CD1D331F473B170002090A /* angry.jpeg in Resources */,
				B24211D81F4CF90A000A10ED /* truelove.png in Resources */,
				B2A3ADC41F4BD40E0007400B /* oy.jpeg in Resources */,
				B2A01E801F2984FE00BF1F7C /* wink.png in Resources */,
				B2A68B121F5B29010006670C /* insult3.jpg in Resources */,
				B26993F61F54AEB200E405D5 /* cervantes.png in Resources */,
				B29722EC1F4C811000B2B00D /* badday.png in Resources */,
				B257CCFD1F2938E7009DD6DD /* ohno.png in Resources */,
			);
			runOnlyForDeploymentPostprocessing = 0;
		};
		B2FED7D91F1BB261005AA45F /* Resources */ = {
			isa = PBXResourcesBuildPhase;
			buildActionMask = 2147483647;
			files = (
			);
			runOnlyForDeploymentPostprocessing = 0;
		};
		B2FED7E41F1BB261005AA45F /* Resources */ = {
			isa = PBXResourcesBuildPhase;
			buildActionMask = 2147483647;
			files = (
			);
			runOnlyForDeploymentPostprocessing = 0;
		};
		B2FED7FA1F1BB37B005AA45F /* Resources */ = {
			isa = PBXResourcesBuildPhase;
			buildActionMask = 2147483647;
			files = (
				B2A68B191F5B2EEB0006670C /* trump2.png in Resources */,
				B2A68B131F5B29010006670C /* insult3.jpg in Resources */,
				B2CD1D3D1F4744CF0002090A /* secret1.png in Resources */,
				B22878081F1FD38700141C72 /* next.png in Resources */,
				B22877FE1F1FD38700141C72 /* sad.png in Resources */,
				B24048371F2681E000922CDE /* thumbs_down_angry.png in Resources */,
				B22877F81F1FD38700141C72 /* Yahoo-Mail-logo.png in Resources */,
				B228780E1F1FD38700141C72 /* return.png in Resources */,
				B29722D61F4C7DA700B2B00D /* crying.png in Resources */,
				B29722E41F4C7DA700B2B00D /* lock2.png in Resources */,
				B2CD1D401F4754F60002090A /* secret2.png in Resources */,
				B29722D81F4C7DA700B2B00D /* happy.png in Resources */,
				B27659931F5F442B00320DE5 /* more.png in Resources */,
				B27659951F5F442B00320DE5 /* return1.png in Resources */,
				B276598F1F5F399A00320DE5 /* love2.png in Resources */,
				B238E4C51F58602300A1C771 /* more1.png in Resources */,
				B22878021F1FD38700141C72 /* lcase.png in Resources */,
				B2A01E841F29866300BF1F7C /* wtf.png in Resources */,
				B22878111F1FD7C500141C72 /* gmail.jpeg in Resources */,
				B2A3ADC61F4BD4440007400B /* ohno2.png in Resources */,
				B2A3ADC81F4BD46B0007400B /* oy.jpeg in Resources */,
				B2A68B171F5B2EEB0006670C /* trump.jpg in Resources */,
				B257CCFE1F2938E7009DD6DD /* ohno.png in Resources */,
				B29722E21F4C7DA700B2B00D /* lock.png in Resources */,
				B29722DE1F4C7DA700B2B00D /* iwarnyou.png in Resources */,
				B22878171F1FD9D900141C72 /* yahoomail.png in Resources */,
				B29722DC1F4C7DA700B2B00D /* Image-11.png in Resources */,
				B22F911A1F1D0C3000E5E6AC /* ok.jpg in Resources */,
				B29722E01F4C7DA700B2B00D /* laugh2.png in Resources */,
				B22F91191F1D0C2800E5E6AC /* fu.png in Resources */,
				B29DC8071F3626ED00EF277C /* icon.png in Resources */,
				B24211D91F4CF90A000A10ED /* truelove.png in Resources */,
				B24211E31F4DFBBE000A10ED /* Localizable.strings in Resources */,
				B257CD051F293CB5009DD6DD /* imsick.png in Resources */,
				B2CD1D431F475B000002090A /* secret3.png in Resources */,
				B26EDEFF1F65ABA900EFAEBF /* boobs1.jpg in Resources */,
				B22877FA1F1FD38700141C72 /* thumbsdown.gif in Resources */,
				B22878201F1FDEC800141C72 /* secret.png in Resources */,
				B257CD071F293CB5009DD6DD /* noway2.gif in Resources */,
				B26993F21F54A11C00E405D5 /* cervantes.jpg in Resources */,
				B228780C1F1FD38700141C72 /* back.jpg in Resources */,
				B2CD1D3A1F473B170002090A /* thebard3.jpeg in Resources */,
				B29722ED1F4C811000B2B00D /* badday.png in Resources */,
				B2A3ADC71F4BD4630007400B /* waiting.png in Resources */,
				B2CD1D491F478A8E0002090A /* secret5.png in Resources */,
				B22878061F1FD38700141C72 /* space.png in Resources */,
				B24048331F2680AC00922CDE /* noway.png in Resources */,
				B22878001F1FD38700141C72 /* ok.png in Resources */,
				B29722D21F4C7DA700B2B00D /* ahhhhh.jpg in Resources */,
				B2A68B0F1F5B29010006670C /* insult.jpg in Resources */,
				B228781D1F1FDB6F00141C72 /* Phone.png in Resources */,
				B2A01E811F2984FE00BF1F7C /* wink.png in Resources */,
				B257CD0D1F293CB5009DD6DD /* what.png in Resources */,
				B22877FC1F1FD38700141C72 /* funny.png in Resources */,
				B27C4A371F5C48EB00B16820 /* more2.png in Resources */,
				B228781A1F1FDA8100141C72 /* ymail.png in Resources */,
				B22F91181F1D0C2100E5E6AC /* noay.jpg in Resources */,
				B2CD1D341F473B170002090A /* angry.jpeg in Resources */,
				B257CD091F293CB5009DD6DD /* sohappy.png in Resources */,
				B29722DA1F4C7DA700B2B00D /* haveadrink.jpg in Resources */,
				B22878041F1FD38700141C72 /* ucase.png in Resources */,
				B2FED8091F1BB6EF005AA45F /* KeyboardView.xib in Resources */,
				B29722E61F4C7DA700B2B00D /* stella.jpg in Resources */,
				B2CD1D381F473B170002090A /* thebard2.jpg in Resources */,
				B2CD1D461F4787810002090A /* secret4.png in Resources */,
				B26993F71F54AEB200E405D5 /* cervantes.png in Resources */,
				B257CCFB1F292E6C009DD6DD /* Settings.bundle in Resources */,
				B2CD1D361F473B170002090A /* thebard.jpg in Resources */,
				B257CD0B1F293CB5009DD6DD /* wasntme.png in Resources */,
				B26993F41F54A11C00E405D5 /* shakespeare.jpg in Resources */,
				B2A68B111F5B29010006670C /* insult2.jpg in Resources */,
				B276598D1F5F399A00320DE5 /* love1.png in Resources */,
				B24211D61F4CF7AA000A10ED /* truelove2.png in Resources */,
				B22878141F1FD95200141C72 /* gmail2.png in Resources */,
				B26993FA1F55DAF500E405D5 /* cervantes2.png in Resources */,
				B22877EA1F1FD18700141C72 /* hide.png in Resources */,
			);
			runOnlyForDeploymentPostprocessing = 0;
		};
/* End PBXResourcesBuildPhase section */

/* Begin PBXSourcesBuildPhase section */
		B2FED7C31F1BB261005AA45F /* Sources */ = {
			isa = PBXSourcesBuildPhase;
			buildActionMask = 2147483647;
			files = (
				B2A68B091F5B1AD60006670C /* Cervantes.swift in Sources */,
				B2FED7CD1F1BB261005AA45F /* ViewController.swift in Sources */,
				B2D80E591F6C2A5F00CB09B5 /* String.swift in Sources */,
				B2FED7CB1F1BB261005AA45F /* AppDelegate.swift in Sources */,
			);
			runOnlyForDeploymentPostprocessing = 0;
		};
		B2FED7D71F1BB261005AA45F /* Sources */ = {
			isa = PBXSourcesBuildPhase;
			buildActionMask = 2147483647;
			files = (
				B2FED7E01F1BB261005AA45F /* kdb3Tests.swift in Sources */,
			);
			runOnlyForDeploymentPostprocessing = 0;
		};
		B2FED7E21F1BB261005AA45F /* Sources */ = {
			isa = PBXSourcesBuildPhase;
			buildActionMask = 2147483647;
			files = (
				B2FED7EB1F1BB261005AA45F /* kdb3UITests.swift in Sources */,
			);
			runOnlyForDeploymentPostprocessing = 0;
		};
		B2FED7F81F1BB37B005AA45F /* Sources */ = {
			isa = PBXSourcesBuildPhase;
			buildActionMask = 2147483647;
			files = (
				B2CD1D2E1F4730CA0002090A /* Bard.swift in Sources */,
				B2A68B0A1F5B1AD60006670C /* Cervantes.swift in Sources */,
				B2D80E5A1F6C2A5F00CB09B5 /* String.swift in Sources */,
				B2FED7FF1F1BB37B005AA45F /* KeyboardViewController.swift in Sources */,
				B2F2F4451F21627900804898 /* KeyboardView.swift in Sources */,
			);
			runOnlyForDeploymentPostprocessing = 0;
		};
/* End PBXSourcesBuildPhase section */

/* Begin PBXTargetDependency section */
		B2FED7DD1F1BB261005AA45F /* PBXTargetDependency */ = {
			isa = PBXTargetDependency;
			target = B2FED7C61F1BB261005AA45F /* kdb3 */;
			targetProxy = B2FED7DC1F1BB261005AA45F /* PBXContainerItemProxy */;
		};
		B2FED7E81F1BB261005AA45F /* PBXTargetDependency */ = {
			isa = PBXTargetDependency;
			target = B2FED7C61F1BB261005AA45F /* kdb3 */;
			targetProxy = B2FED7E71F1BB261005AA45F /* PBXContainerItemProxy */;
		};
		B2FED8021F1BB37B005AA45F /* PBXTargetDependency */ = {
			isa = PBXTargetDependency;
			target = B2FED7FB1F1BB37B005AA45F /* AC Keyboard */;
			targetProxy = B2FED8011F1BB37B005AA45F /* PBXContainerItemProxy */;
		};
/* End PBXTargetDependency section */

/* Begin PBXVariantGroup section */
		B24211E51F4DFBBE000A10ED /* Localizable.strings */ = {
			isa = PBXVariantGroup;
			children = (
				B24211E41F4DFBBE000A10ED /* en */,
				B24211E61F4DFBC4000A10ED /* es */,
			);
			name = Localizable.strings;
			sourceTree = "<group>";
		};
		B2FED7CE1F1BB261005AA45F /* Main.storyboard */ = {
			isa = PBXVariantGroup;
			children = (
				B2FED7CF1F1BB261005AA45F /* Base */,
				B24211DD1F4DEFDA000A10ED /* es */,
			);
			name = Main.storyboard;
			sourceTree = "<group>";
		};
		B2FED7D31F1BB261005AA45F /* LaunchScreen.storyboard */ = {
			isa = PBXVariantGroup;
			children = (
				B2FED7D41F1BB261005AA45F /* Base */,
				B24211DE1F4DEFDA000A10ED /* es */,
			);
			name = LaunchScreen.storyboard;
			sourceTree = "<group>";
		};
/* End PBXVariantGroup section */

/* Begin XCBuildConfiguration section */
		B20DBE1D1F1DACD100FA1C13 /* AdHoc */ = {
			isa = XCBuildConfiguration;
			buildSettings = {
				ALWAYS_SEARCH_USER_PATHS = NO;
				CLANG_ANALYZER_LOCALIZABILITY_NONLOCALIZED = YES;
				CLANG_ANALYZER_NONNULL = YES;
				CLANG_ANALYZER_NUMBER_OBJECT_CONVERSION = YES_AGGRESSIVE;
				CLANG_CXX_LANGUAGE_STANDARD = "gnu++0x";
				CLANG_CXX_LIBRARY = "libc++";
				CLANG_ENABLE_MODULES = YES;
				CLANG_ENABLE_OBJC_ARC = YES;
				CLANG_WARN_BOOL_CONVERSION = YES;
				CLANG_WARN_CONSTANT_CONVERSION = YES;
				CLANG_WARN_DIRECT_OBJC_ISA_USAGE = YES_ERROR;
				CLANG_WARN_DOCUMENTATION_COMMENTS = YES;
				CLANG_WARN_EMPTY_BODY = YES;
				CLANG_WARN_ENUM_CONVERSION = YES;
				CLANG_WARN_INFINITE_RECURSION = YES;
				CLANG_WARN_INT_CONVERSION = YES;
				CLANG_WARN_OBJC_ROOT_CLASS = YES_ERROR;
				CLANG_WARN_SUSPICIOUS_MOVE = YES;
				CLANG_WARN_UNREACHABLE_CODE = YES;
				CLANG_WARN__DUPLICATE_METHOD_MATCH = YES;
				CODE_SIGN_IDENTITY = "iPhone Distribution";
				"CODE_SIGN_IDENTITY[sdk=iphoneos*]" = "iPhone Distribution";
				COPY_PHASE_STRIP = NO;
				DEBUG_INFORMATION_FORMAT = "dwarf-with-dsym";
				ENABLE_NS_ASSERTIONS = NO;
				ENABLE_STRICT_OBJC_MSGSEND = YES;
				GCC_C_LANGUAGE_STANDARD = gnu99;
				GCC_NO_COMMON_BLOCKS = YES;
				GCC_WARN_64_TO_32_BIT_CONVERSION = YES;
				GCC_WARN_ABOUT_RETURN_TYPE = YES_ERROR;
				GCC_WARN_UNDECLARED_SELECTOR = YES;
				GCC_WARN_UNINITIALIZED_AUTOS = YES_AGGRESSIVE;
				GCC_WARN_UNUSED_FUNCTION = YES;
				GCC_WARN_UNUSED_VARIABLE = YES;
				IPHONEOS_DEPLOYMENT_TARGET = 10.3;
				MTL_ENABLE_DEBUG_INFO = NO;
				SDKROOT = iphoneos;
				SWIFT_OPTIMIZATION_LEVEL = "-Owholemodule";
				TARGETED_DEVICE_FAMILY = "1,2";
				VALIDATE_PRODUCT = YES;
			};
			name = AdHoc;
		};
		B20DBE1E1F1DACD100FA1C13 /* AdHoc */ = {
			isa = XCBuildConfiguration;
			buildSettings = {
				ALWAYS_EMBED_SWIFT_STANDARD_LIBRARIES = YES;
				ASSETCATALOG_COMPILER_APPICON_NAME = AppIcon;
				CODE_SIGN_ENTITLEMENTS = kdb3/kdb3.entitlements;
				"CODE_SIGN_IDENTITY[sdk=iphoneos*]" = "iPhone Developer";
				DEVELOPMENT_TEAM = "";
				INFOPLIST_FILE = kdb3/Info.plist;
				LD_RUNPATH_SEARCH_PATHS = "$(inherited) @executable_path/Frameworks";
				PRODUCT_BUNDLE_IDENTIFIER = com.alben.kdb3;
				PRODUCT_NAME = "$(TARGET_NAME)";
				PROVISIONING_PROFILE = "";
				PROVISIONING_PROFILE_SPECIFIER = "";
				SWIFT_VERSION = 3.0;
			};
			name = AdHoc;
		};
		B20DBE1F1F1DACD100FA1C13 /* AdHoc */ = {
			isa = XCBuildConfiguration;
			buildSettings = {
				ALWAYS_EMBED_SWIFT_STANDARD_LIBRARIES = YES;
				BUNDLE_LOADER = "$(TEST_HOST)";
				DEVELOPMENT_TEAM = 388X7HA3JM;
				INFOPLIST_FILE = kdb3Tests/Info.plist;
				LD_RUNPATH_SEARCH_PATHS = "$(inherited) @executable_path/Frameworks @loader_path/Frameworks";
				PRODUCT_BUNDLE_IDENTIFIER = com.alben.t1.kdb3Tests;
				PRODUCT_NAME = "$(TARGET_NAME)";
				SWIFT_VERSION = 3.0;
				TEST_HOST = "$(BUILT_PRODUCTS_DIR)/kdb3.app/kdb3";
			};
			name = AdHoc;
		};
		B20DBE201F1DACD100FA1C13 /* AdHoc */ = {
			isa = XCBuildConfiguration;
			buildSettings = {
				ALWAYS_EMBED_SWIFT_STANDARD_LIBRARIES = YES;
				DEVELOPMENT_TEAM = 388X7HA3JM;
				INFOPLIST_FILE = kdb3UITests/Info.plist;
				LD_RUNPATH_SEARCH_PATHS = "$(inherited) @executable_path/Frameworks @loader_path/Frameworks";
				PRODUCT_BUNDLE_IDENTIFIER = com.alben.t1.kdb3UITests;
				PRODUCT_NAME = "$(TARGET_NAME)";
				SWIFT_VERSION = 3.0;
				TEST_TARGET_NAME = kdb3;
			};
			name = AdHoc;
		};
		B20DBE211F1DACD100FA1C13 /* AdHoc */ = {
			isa = XCBuildConfiguration;
			buildSettings = {
				CODE_SIGN_ENTITLEMENTS = "AC Keyboard/AC Keyboard.entitlements";
				"CODE_SIGN_IDENTITY[sdk=iphoneos*]" = "iPhone Developer";
				DEVELOPMENT_TEAM = "";
				INFOPLIST_FILE = "AC Keyboard/Info.plist";
				LD_RUNPATH_SEARCH_PATHS = "$(inherited) @executable_path/Frameworks @executable_path/../../Frameworks";
				PRODUCT_BUNDLE_IDENTIFIER = "com.alben.kdb3.AC-Keyboard";
				PRODUCT_NAME = "$(TARGET_NAME)";
				PROVISIONING_PROFILE = "";
				PROVISIONING_PROFILE_SPECIFIER = "";
				SKIP_INSTALL = YES;
				SWIFT_VERSION = 3.0;
			};
			name = AdHoc;
		};
		B2FED7ED1F1BB261005AA45F /* Debug */ = {
			isa = XCBuildConfiguration;
			buildSettings = {
				ALWAYS_SEARCH_USER_PATHS = NO;
				CLANG_ANALYZER_LOCALIZABILITY_NONLOCALIZED = YES;
				CLANG_ANALYZER_NONNULL = YES;
				CLANG_ANALYZER_NUMBER_OBJECT_CONVERSION = YES_AGGRESSIVE;
				CLANG_CXX_LANGUAGE_STANDARD = "gnu++0x";
				CLANG_CXX_LIBRARY = "libc++";
				CLANG_ENABLE_MODULES = YES;
				CLANG_ENABLE_OBJC_ARC = YES;
				CLANG_WARN_BOOL_CONVERSION = YES;
				CLANG_WARN_CONSTANT_CONVERSION = YES;
				CLANG_WARN_DIRECT_OBJC_ISA_USAGE = YES_ERROR;
				CLANG_WARN_DOCUMENTATION_COMMENTS = YES;
				CLANG_WARN_EMPTY_BODY = YES;
				CLANG_WARN_ENUM_CONVERSION = YES;
				CLANG_WARN_INFINITE_RECURSION = YES;
				CLANG_WARN_INT_CONVERSION = YES;
				CLANG_WARN_OBJC_ROOT_CLASS = YES_ERROR;
				CLANG_WARN_SUSPICIOUS_MOVE = YES;
				CLANG_WARN_UNREACHABLE_CODE = YES;
				CLANG_WARN__DUPLICATE_METHOD_MATCH = YES;
				CODE_SIGN_IDENTITY = "";
				"CODE_SIGN_IDENTITY[sdk=iphoneos*]" = "";
				COPY_PHASE_STRIP = NO;
				DEBUG_INFORMATION_FORMAT = dwarf;
				ENABLE_STRICT_OBJC_MSGSEND = YES;
				ENABLE_TESTABILITY = YES;
				GCC_C_LANGUAGE_STANDARD = gnu99;
				GCC_DYNAMIC_NO_PIC = NO;
				GCC_NO_COMMON_BLOCKS = YES;
				GCC_OPTIMIZATION_LEVEL = 0;
				GCC_PREPROCESSOR_DEFINITIONS = (
					"DEBUG=1",
					"$(inherited)",
				);
				GCC_WARN_64_TO_32_BIT_CONVERSION = YES;
				GCC_WARN_ABOUT_RETURN_TYPE = YES_ERROR;
				GCC_WARN_UNDECLARED_SELECTOR = YES;
				GCC_WARN_UNINITIALIZED_AUTOS = YES_AGGRESSIVE;
				GCC_WARN_UNUSED_FUNCTION = YES;
				GCC_WARN_UNUSED_VARIABLE = YES;
				IPHONEOS_DEPLOYMENT_TARGET = 10.3;
				MTL_ENABLE_DEBUG_INFO = YES;
				ONLY_ACTIVE_ARCH = YES;
				SDKROOT = iphoneos;
				SWIFT_ACTIVE_COMPILATION_CONDITIONS = DEBUG;
				SWIFT_OPTIMIZATION_LEVEL = "-Onone";
				TARGETED_DEVICE_FAMILY = "1,2";
			};
			name = Debug;
		};
		B2FED7EE1F1BB261005AA45F /* Release */ = {
			isa = XCBuildConfiguration;
			buildSettings = {
				ALWAYS_SEARCH_USER_PATHS = NO;
				CLANG_ANALYZER_LOCALIZABILITY_NONLOCALIZED = YES;
				CLANG_ANALYZER_NONNULL = YES;
				CLANG_ANALYZER_NUMBER_OBJECT_CONVERSION = YES_AGGRESSIVE;
				CLANG_CXX_LANGUAGE_STANDARD = "gnu++0x";
				CLANG_CXX_LIBRARY = "libc++";
				CLANG_ENABLE_MODULES = YES;
				CLANG_ENABLE_OBJC_ARC = YES;
				CLANG_WARN_BOOL_CONVERSION = YES;
				CLANG_WARN_CONSTANT_CONVERSION = YES;
				CLANG_WARN_DIRECT_OBJC_ISA_USAGE = YES_ERROR;
				CLANG_WARN_DOCUMENTATION_COMMENTS = YES;
				CLANG_WARN_EMPTY_BODY = YES;
				CLANG_WARN_ENUM_CONVERSION = YES;
				CLANG_WARN_INFINITE_RECURSION = YES;
				CLANG_WARN_INT_CONVERSION = YES;
				CLANG_WARN_OBJC_ROOT_CLASS = YES_ERROR;
				CLANG_WARN_SUSPICIOUS_MOVE = YES;
				CLANG_WARN_UNREACHABLE_CODE = YES;
				CLANG_WARN__DUPLICATE_METHOD_MATCH = YES;
				"CODE_SIGN_IDENTITY[sdk=iphoneos*]" = "iPhone Developer";
				COPY_PHASE_STRIP = NO;
				DEBUG_INFORMATION_FORMAT = "dwarf-with-dsym";
				ENABLE_NS_ASSERTIONS = NO;
				ENABLE_STRICT_OBJC_MSGSEND = YES;
				GCC_C_LANGUAGE_STANDARD = gnu99;
				GCC_NO_COMMON_BLOCKS = YES;
				GCC_WARN_64_TO_32_BIT_CONVERSION = YES;
				GCC_WARN_ABOUT_RETURN_TYPE = YES_ERROR;
				GCC_WARN_UNDECLARED_SELECTOR = YES;
				GCC_WARN_UNINITIALIZED_AUTOS = YES_AGGRESSIVE;
				GCC_WARN_UNUSED_FUNCTION = YES;
				GCC_WARN_UNUSED_VARIABLE = YES;
				IPHONEOS_DEPLOYMENT_TARGET = 10.3;
				MTL_ENABLE_DEBUG_INFO = NO;
				SDKROOT = iphoneos;
				SWIFT_OPTIMIZATION_LEVEL = "-Owholemodule";
				TARGETED_DEVICE_FAMILY = "1,2";
				VALIDATE_PRODUCT = YES;
			};
			name = Release;
		};
		B2FED7F01F1BB261005AA45F /* Debug */ = {
			isa = XCBuildConfiguration;
			buildSettings = {
				ALWAYS_EMBED_SWIFT_STANDARD_LIBRARIES = YES;
				ASSETCATALOG_COMPILER_APPICON_NAME = AppIcon;
				CODE_SIGN_ENTITLEMENTS = kdb3/kdb3.entitlements;
				"CODE_SIGN_IDENTITY[sdk=iphoneos*]" = "iPhone Developer";
				DEVELOPMENT_TEAM = "";
				INFOPLIST_FILE = kdb3/Info.plist;
				LD_RUNPATH_SEARCH_PATHS = "$(inherited) @executable_path/Frameworks";
				PRODUCT_BUNDLE_IDENTIFIER = com.alben.kdb3;
				PRODUCT_NAME = "$(TARGET_NAME)";
				PROVISIONING_PROFILE = "";
				PROVISIONING_PROFILE_SPECIFIER = "";
				SWIFT_VERSION = 3.0;
			};
			name = Debug;
		};
		B2FED7F11F1BB261005AA45F /* Release */ = {
			isa = XCBuildConfiguration;
			buildSettings = {
				ALWAYS_EMBED_SWIFT_STANDARD_LIBRARIES = YES;
				ASSETCATALOG_COMPILER_APPICON_NAME = AppIcon;
				CODE_SIGN_ENTITLEMENTS = kdb3/kdb3.entitlements;
				CODE_SIGN_IDENTITY = "iPhone Distribution";
				"CODE_SIGN_IDENTITY[sdk=iphoneos*]" = "iPhone Developer";
				DEVELOPMENT_TEAM = "";
				INFOPLIST_FILE = kdb3/Info.plist;
				LD_RUNPATH_SEARCH_PATHS = "$(inherited) @executable_path/Frameworks";
				PRODUCT_BUNDLE_IDENTIFIER = com.alben.kdb3;
				PRODUCT_NAME = "$(TARGET_NAME)";
				PROVISIONING_PROFILE_SPECIFIER = "";
				SWIFT_VERSION = 3.0;
			};
			name = Release;
		};
		B2FED7F31F1BB261005AA45F /* Debug */ = {
			isa = XCBuildConfiguration;
			buildSettings = {
				ALWAYS_EMBED_SWIFT_STANDARD_LIBRARIES = YES;
				BUNDLE_LOADER = "$(TEST_HOST)";
				DEVELOPMENT_TEAM = 388X7HA3JM;
				INFOPLIST_FILE = kdb3Tests/Info.plist;
				LD_RUNPATH_SEARCH_PATHS = "$(inherited) @executable_path/Frameworks @loader_path/Frameworks";
				PRODUCT_BUNDLE_IDENTIFIER = com.alben.t1.kdb3Tests;
				PRODUCT_NAME = "$(TARGET_NAME)";
				SWIFT_VERSION = 3.0;
				TEST_HOST = "$(BUILT_PRODUCTS_DIR)/kdb3.app/kdb3";
			};
			name = Debug;
		};
		B2FED7F41F1BB261005AA45F /* Release */ = {
			isa = XCBuildConfiguration;
			buildSettings = {
				ALWAYS_EMBED_SWIFT_STANDARD_LIBRARIES = YES;
				BUNDLE_LOADER = "$(TEST_HOST)";
				DEVELOPMENT_TEAM = 388X7HA3JM;
				INFOPLIST_FILE = kdb3Tests/Info.plist;
				LD_RUNPATH_SEARCH_PATHS = "$(inherited) @executable_path/Frameworks @loader_path/Frameworks";
				PRODUCT_BUNDLE_IDENTIFIER = com.alben.t1.kdb3Tests;
				PRODUCT_NAME = "$(TARGET_NAME)";
				SWIFT_VERSION = 3.0;
				TEST_HOST = "$(BUILT_PRODUCTS_DIR)/kdb3.app/kdb3";
			};
			name = Release;
		};
		B2FED7F61F1BB261005AA45F /* Debug */ = {
			isa = XCBuildConfiguration;
			buildSettings = {
				ALWAYS_EMBED_SWIFT_STANDARD_LIBRARIES = YES;
				DEVELOPMENT_TEAM = 388X7HA3JM;
				INFOPLIST_FILE = kdb3UITests/Info.plist;
				LD_RUNPATH_SEARCH_PATHS = "$(inherited) @executable_path/Frameworks @loader_path/Frameworks";
				PRODUCT_BUNDLE_IDENTIFIER = com.alben.t1.kdb3UITests;
				PRODUCT_NAME = "$(TARGET_NAME)";
				SWIFT_VERSION = 3.0;
				TEST_TARGET_NAME = kdb3;
			};
			name = Debug;
		};
		B2FED7F71F1BB261005AA45F /* Release */ = {
			isa = XCBuildConfiguration;
			buildSettings = {
				ALWAYS_EMBED_SWIFT_STANDARD_LIBRARIES = YES;
				DEVELOPMENT_TEAM = 388X7HA3JM;
				INFOPLIST_FILE = kdb3UITests/Info.plist;
				LD_RUNPATH_SEARCH_PATHS = "$(inherited) @executable_path/Frameworks @loader_path/Frameworks";
				PRODUCT_BUNDLE_IDENTIFIER = com.alben.t1.kdb3UITests;
				PRODUCT_NAME = "$(TARGET_NAME)";
				SWIFT_VERSION = 3.0;
				TEST_TARGET_NAME = kdb3;
			};
			name = Release;
		};
		B2FED8051F1BB37B005AA45F /* Debug */ = {
			isa = XCBuildConfiguration;
			buildSettings = {
				CODE_SIGN_ENTITLEMENTS = "AC Keyboard/AC Keyboard.entitlements";
				"CODE_SIGN_IDENTITY[sdk=iphoneos*]" = "iPhone Developer";
				DEVELOPMENT_TEAM = "";
				INFOPLIST_FILE = "AC Keyboard/Info.plist";
				LD_RUNPATH_SEARCH_PATHS = "$(inherited) @executable_path/Frameworks @executable_path/../../Frameworks";
				PRODUCT_BUNDLE_IDENTIFIER = "com.alben.kdb3.AC-Keyboard";
				PRODUCT_NAME = "$(TARGET_NAME)";
				PROVISIONING_PROFILE = "";
				PROVISIONING_PROFILE_SPECIFIER = "";
				SKIP_INSTALL = YES;
				SWIFT_VERSION = 3.0;
			};
			name = Debug;
		};
		B2FED8061F1BB37B005AA45F /* Release */ = {
			isa = XCBuildConfiguration;
			buildSettings = {
				CODE_SIGN_ENTITLEMENTS = "AC Keyboard/AC Keyboard.entitlements";
				"CODE_SIGN_IDENTITY[sdk=iphoneos*]" = "iPhone Developer";
				DEVELOPMENT_TEAM = "";
				INFOPLIST_FILE = "AC Keyboard/Info.plist";
				LD_RUNPATH_SEARCH_PATHS = "$(inherited) @executable_path/Frameworks @executable_path/../../Frameworks";
				PRODUCT_BUNDLE_IDENTIFIER = "com.alben.kdb3.AC-Keyboard";
				PRODUCT_NAME = "$(TARGET_NAME)";
				PROVISIONING_PROFILE = "";
				PROVISIONING_PROFILE_SPECIFIER = "";
				SKIP_INSTALL = YES;
				SWIFT_VERSION = 3.0;
			};
			name = Release;
		};
/* End XCBuildConfiguration section */

/* Begin XCConfigurationList section */
		B2FED7C21F1BB261005AA45F /* Build configuration list for PBXProject "kdb3" */ = {
			isa = XCConfigurationList;
			buildConfigurations = (
				B2FED7ED1F1BB261005AA45F /* Debug */,
				B2FED7EE1F1BB261005AA45F /* Release */,
				B20DBE1D1F1DACD100FA1C13 /* AdHoc */,
			);
			defaultConfigurationIsVisible = 0;
			defaultConfigurationName = Release;
		};
		B2FED7EF1F1BB261005AA45F /* Build configuration list for PBXNativeTarget "kdb3" */ = {
			isa = XCConfigurationList;
			buildConfigurations = (
				B2FED7F01F1BB261005AA45F /* Debug */,
				B2FED7F11F1BB261005AA45F /* Release */,
				B20DBE1E1F1DACD100FA1C13 /* AdHoc */,
			);
			defaultConfigurationIsVisible = 0;
			defaultConfigurationName = Release;
		};
		B2FED7F21F1BB261005AA45F /* Build configuration list for PBXNativeTarget "kdb3Tests" */ = {
			isa = XCConfigurationList;
			buildConfigurations = (
				B2FED7F31F1BB261005AA45F /* Debug */,
				B2FED7F41F1BB261005AA45F /* Release */,
				B20DBE1F1F1DACD100FA1C13 /* AdHoc */,
			);
			defaultConfigurationIsVisible = 0;
			defaultConfigurationName = Release;
		};
		B2FED7F51F1BB261005AA45F /* Build configuration list for PBXNativeTarget "kdb3UITests" */ = {
			isa = XCConfigurationList;
			buildConfigurations = (
				B2FED7F61F1BB261005AA45F /* Debug */,
				B2FED7F71F1BB261005AA45F /* Release */,
				B20DBE201F1DACD100FA1C13 /* AdHoc */,
			);
			defaultConfigurationIsVisible = 0;
			defaultConfigurationName = Release;
		};
		B2FED8041F1BB37B005AA45F /* Build configuration list for PBXNativeTarget "AC Keyboard" */ = {
			isa = XCConfigurationList;
			buildConfigurations = (
				B2FED8051F1BB37B005AA45F /* Debug */,
				B2FED8061F1BB37B005AA45F /* Release */,
				B20DBE211F1DACD100FA1C13 /* AdHoc */,
			);
			defaultConfigurationIsVisible = 0;
			defaultConfigurationName = Release;
		};
/* End XCConfigurationList section */
	};
	rootObject = B2FED7BF1F1BB261005AA45F /* Project object */;
}
