// !$*UTF8*$!
{
	archiveVersion = 1;
	classes = {
	};
	objectVersion = 46;
	objects = {

/* Begin PBXBuildFile section */
		B22877E91F1FD18700141C72 /* hide.png in Resources */ = {isa = PBXBuildFile; fileRef = B22877E81F1FD18700141C72 /* hide.png */; };
		B22877EA1F1FD18700141C72 /* hide.png in Resources */ = {isa = PBXBuildFile; fileRef = B22877E81F1FD18700141C72 /* hide.png */; };
		B22877F71F1FD38700141C72 /* Yahoo-Mail-logo.png in Resources */ = {isa = PBXBuildFile; fileRef = B22877EB1F1FD38700141C72 /* Yahoo-Mail-logo.png */; };
		B22877F81F1FD38700141C72 /* Yahoo-Mail-logo.png in Resources */ = {isa = PBXBuildFile; fileRef = B22877EB1F1FD38700141C72 /* Yahoo-Mail-logo.png */; };
		B22877F91F1FD38700141C72 /* thumbsdown.gif in Resources */ = {isa = PBXBuildFile; fileRef = B22877EC1F1FD38700141C72 /* thumbsdown.gif */; };
		B22877FA1F1FD38700141C72 /* thumbsdown.gif in Resources */ = {isa = PBXBuildFile; fileRef = B22877EC1F1FD38700141C72 /* thumbsdown.gif */; };
		B22877FB1F1FD38700141C72 /* funny.png in Resources */ = {isa = PBXBuildFile; fileRef = B22877ED1F1FD38700141C72 /* funny.png */; };
		B22877FC1F1FD38700141C72 /* funny.png in Resources */ = {isa = PBXBuildFile; fileRef = B22877ED1F1FD38700141C72 /* funny.png */; };
		B22877FD1F1FD38700141C72 /* sad.png in Resources */ = {isa = PBXBuildFile; fileRef = B22877EE1F1FD38700141C72 /* sad.png */; };
		B22877FE1F1FD38700141C72 /* sad.png in Resources */ = {isa = PBXBuildFile; fileRef = B22877EE1F1FD38700141C72 /* sad.png */; };
		B22877FF1F1FD38700141C72 /* ok.png in Resources */ = {isa = PBXBuildFile; fileRef = B22877EF1F1FD38700141C72 /* ok.png */; };
		B22878001F1FD38700141C72 /* ok.png in Resources */ = {isa = PBXBuildFile; fileRef = B22877EF1F1FD38700141C72 /* ok.png */; };
		B22878011F1FD38700141C72 /* lcase.png in Resources */ = {isa = PBXBuildFile; fileRef = B22877F01F1FD38700141C72 /* lcase.png */; };
		B22878021F1FD38700141C72 /* lcase.png in Resources */ = {isa = PBXBuildFile; fileRef = B22877F01F1FD38700141C72 /* lcase.png */; };
		B22878031F1FD38700141C72 /* ucase.png in Resources */ = {isa = PBXBuildFile; fileRef = B22877F11F1FD38700141C72 /* ucase.png */; };
		B22878041F1FD38700141C72 /* ucase.png in Resources */ = {isa = PBXBuildFile; fileRef = B22877F11F1FD38700141C72 /* ucase.png */; };
		B22878051F1FD38700141C72 /* space.png in Resources */ = {isa = PBXBuildFile; fileRef = B22877F21F1FD38700141C72 /* space.png */; };
		B22878061F1FD38700141C72 /* space.png in Resources */ = {isa = PBXBuildFile; fileRef = B22877F21F1FD38700141C72 /* space.png */; };
		B22878071F1FD38700141C72 /* next.png in Resources */ = {isa = PBXBuildFile; fileRef = B22877F31F1FD38700141C72 /* next.png */; };
		B22878081F1FD38700141C72 /* next.png in Resources */ = {isa = PBXBuildFile; fileRef = B22877F31F1FD38700141C72 /* next.png */; };
		B228780B1F1FD38700141C72 /* back.jpg in Resources */ = {isa = PBXBuildFile; fileRef = B22877F51F1FD38700141C72 /* back.jpg */; };
		B228780C1F1FD38700141C72 /* back.jpg in Resources */ = {isa = PBXBuildFile; fileRef = B22877F51F1FD38700141C72 /* back.jpg */; };
		B228780D1F1FD38700141C72 /* return.png in Resources */ = {isa = PBXBuildFile; fileRef = B22877F61F1FD38700141C72 /* return.png */; };
		B228780E1F1FD38700141C72 /* return.png in Resources */ = {isa = PBXBuildFile; fileRef = B22877F61F1FD38700141C72 /* return.png */; };
		B22878101F1FD7C500141C72 /* gmail.jpeg in Resources */ = {isa = PBXBuildFile; fileRef = B228780F1F1FD7C500141C72 /* gmail.jpeg */; };
		B22878111F1FD7C500141C72 /* gmail.jpeg in Resources */ = {isa = PBXBuildFile; fileRef = B228780F1F1FD7C500141C72 /* gmail.jpeg */; };
		B22878131F1FD95200141C72 /* gmail2.png in Resources */ = {isa = PBXBuildFile; fileRef = B22878121F1FD95200141C72 /* gmail2.png */; };
		B22878141F1FD95200141C72 /* gmail2.png in Resources */ = {isa = PBXBuildFile; fileRef = B22878121F1FD95200141C72 /* gmail2.png */; };
		B22878161F1FD9D900141C72 /* yahoomail.png in Resources */ = {isa = PBXBuildFile; fileRef = B22878151F1FD9D900141C72 /* yahoomail.png */; };
		B22878171F1FD9D900141C72 /* yahoomail.png in Resources */ = {isa = PBXBuildFile; fileRef = B22878151F1FD9D900141C72 /* yahoomail.png */; };
		B22878191F1FDA8100141C72 /* ymail.png in Resources */ = {isa = PBXBuildFile; fileRef = B22878181F1FDA8100141C72 /* ymail.png */; };
		B228781A1F1FDA8100141C72 /* ymail.png in Resources */ = {isa = PBXBuildFile; fileRef = B22878181F1FDA8100141C72 /* ymail.png */; };
		B228781C1F1FDB6F00141C72 /* Phone.png in Resources */ = {isa = PBXBuildFile; fileRef = B228781B1F1FDB6F00141C72 /* Phone.png */; };
		B228781D1F1FDB6F00141C72 /* Phone.png in Resources */ = {isa = PBXBuildFile; fileRef = B228781B1F1FDB6F00141C72 /* Phone.png */; };
		B228781F1F1FDEC800141C72 /* secret.png in Resources */ = {isa = PBXBuildFile; fileRef = B228781E1F1FDEC800141C72 /* secret.png */; };
		B22878201F1FDEC800141C72 /* secret.png in Resources */ = {isa = PBXBuildFile; fileRef = B228781E1F1FDEC800141C72 /* secret.png */; };
		B22F91101F1D046E00E5E6AC /* fu.png in Resources */ = {isa = PBXBuildFile; fileRef = B22F910D1F1D046E00E5E6AC /* fu.png */; };
		B22F91111F1D046E00E5E6AC /* noay.jpg in Resources */ = {isa = PBXBuildFile; fileRef = B22F910E1F1D046E00E5E6AC /* noay.jpg */; };
		B22F91121F1D046E00E5E6AC /* ok.jpg in Resources */ = {isa = PBXBuildFile; fileRef = B22F910F1F1D046E00E5E6AC /* ok.jpg */; };
		B22F91181F1D0C2100E5E6AC /* noay.jpg in Resources */ = {isa = PBXBuildFile; fileRef = B22F910E1F1D046E00E5E6AC /* noay.jpg */; };
		B22F91191F1D0C2800E5E6AC /* fu.png in Resources */ = {isa = PBXBuildFile; fileRef = B22F910D1F1D046E00E5E6AC /* fu.png */; };
		B22F911A1F1D0C3000E5E6AC /* ok.jpg in Resources */ = {isa = PBXBuildFile; fileRef = B22F910F1F1D046E00E5E6AC /* ok.jpg */; };
		B24048321F2680AC00922CDE /* noway.png in Resources */ = {isa = PBXBuildFile; fileRef = B24048311F2680AC00922CDE /* noway.png */; };
		B24048331F2680AC00922CDE /* noway.png in Resources */ = {isa = PBXBuildFile; fileRef = B24048311F2680AC00922CDE /* noway.png */; };
		B24048361F2681E000922CDE /* thumbs_down_angry.png in Resources */ = {isa = PBXBuildFile; fileRef = B24048351F2681E000922CDE /* thumbs_down_angry.png */; };
		B24048371F2681E000922CDE /* thumbs_down_angry.png in Resources */ = {isa = PBXBuildFile; fileRef = B24048351F2681E000922CDE /* thumbs_down_angry.png */; };
		B257CCFA1F292E6C009DD6DD /* Settings.bundle in Resources */ = {isa = PBXBuildFile; fileRef = B257CCF91F292E6C009DD6DD /* Settings.bundle */; };
		B257CCFB1F292E6C009DD6DD /* Settings.bundle in Resources */ = {isa = PBXBuildFile; fileRef = B257CCF91F292E6C009DD6DD /* Settings.bundle */; };
		B2F2F4451F21627900804898 /* KeyboardView.swift in Sources */ = {isa = PBXBuildFile; fileRef = B2F2F4441F21627900804898 /* KeyboardView.swift */; };
		B2FED7CB1F1BB261005AA45F /* AppDelegate.swift in Sources */ = {isa = PBXBuildFile; fileRef = B2FED7CA1F1BB261005AA45F /* AppDelegate.swift */; };
		B2FED7CD1F1BB261005AA45F /* ViewController.swift in Sources */ = {isa = PBXBuildFile; fileRef = B2FED7CC1F1BB261005AA45F /* ViewController.swift */; };
		B2FED7D01F1BB261005AA45F /* Main.storyboard in Resources */ = {isa = PBXBuildFile; fileRef = B2FED7CE1F1BB261005AA45F /* Main.storyboard */; };
		B2FED7D21F1BB261005AA45F /* Assets.xcassets in Resources */ = {isa = PBXBuildFile; fileRef = B2FED7D11F1BB261005AA45F /* Assets.xcassets */; };
		B2FED7D51F1BB261005AA45F /* LaunchScreen.storyboard in Resources */ = {isa = PBXBuildFile; fileRef = B2FED7D31F1BB261005AA45F /* LaunchScreen.storyboard */; };
		B2FED7E01F1BB261005AA45F /* kdb3Tests.swift in Sources */ = {isa = PBXBuildFile; fileRef = B2FED7DF1F1BB261005AA45F /* kdb3Tests.swift */; };
		B2FED7EB1F1BB261005AA45F /* kdb3UITests.swift in Sources */ = {isa = PBXBuildFile; fileRef = B2FED7EA1F1BB261005AA45F /* kdb3UITests.swift */; };
		B2FED7FF1F1BB37B005AA45F /* KeyboardViewController.swift in Sources */ = {isa = PBXBuildFile; fileRef = B2FED7FE1F1BB37B005AA45F /* KeyboardViewController.swift */; };
		B2FED8031F1BB37B005AA45F /* AC Keyboard.appex in Embed App Extensions */ = {isa = PBXBuildFile; fileRef = B2FED7FC1F1BB37B005AA45F /* AC Keyboard.appex */; settings = {ATTRIBUTES = (RemoveHeadersOnCopy, ); }; };
		B2FED8091F1BB6EF005AA45F /* KeyboardView.xib in Resources */ = {isa = PBXBuildFile; fileRef = B2FED8081F1BB6EF005AA45F /* KeyboardView.xib */; };
/* End PBXBuildFile section */

/* Begin PBXContainerItemProxy section */
		B2FED7DC1F1BB261005AA45F /* PBXContainerItemProxy */ = {
			isa = PBXContainerItemProxy;
			containerPortal = B2FED7BF1F1BB261005AA45F /* Project object */;
			proxyType = 1;
			remoteGlobalIDString = B2FED7C61F1BB261005AA45F;
			remoteInfo = kdb3;
		};
		B2FED7E71F1BB261005AA45F /* PBXContainerItemProxy */ = {
			isa = PBXContainerItemProxy;
			containerPortal = B2FED7BF1F1BB261005AA45F /* Project object */;
			proxyType = 1;
			remoteGlobalIDString = B2FED7C61F1BB261005AA45F;
			remoteInfo = kdb3;
		};
		B2FED8011F1BB37B005AA45F /* PBXContainerItemProxy */ = {
			isa = PBXContainerItemProxy;
			containerPortal = B2FED7BF1F1BB261005AA45F /* Project object */;
			proxyType = 1;
			remoteGlobalIDString = B2FED7FB1F1BB37B005AA45F;
			remoteInfo = "AC Keyboard";
		};
/* End PBXContainerItemProxy section */

/* Begin PBXCopyFilesBuildPhase section */
		B2FED8071F1BB37B005AA45F /* Embed App Extensions */ = {
			isa = PBXCopyFilesBuildPhase;
			buildActionMask = 2147483647;
			dstPath = "";
			dstSubfolderSpec = 13;
			files = (
				B2FED8031F1BB37B005AA45F /* AC Keyboard.appex in Embed App Extensions */,
			);
			name = "Embed App Extensions";
			runOnlyForDeploymentPostprocessing = 0;
		};
/* End PBXCopyFilesBuildPhase section */

/* Begin PBXFileReference section */
		B20B86CB1F20FB660067E08B /* kdb3.entitlements */ = {isa = PBXFileReference; lastKnownFileType = text.plist.entitlements; path = kdb3.entitlements; sourceTree = "<group>"; };
		B20B86CC1F20FCA70067E08B /* AC Keyboard.entitlements */ = {isa = PBXFileReference; lastKnownFileType = text.plist.entitlements; path = "AC Keyboard.entitlements"; sourceTree = "<group>"; };
		B22877E81F1FD18700141C72 /* hide.png */ = {isa = PBXFileReference; lastKnownFileType = image.png; name = hide.png; path = kdb3/images/hide.png; sourceTree = "<group>"; };
		B22877EB1F1FD38700141C72 /* Yahoo-Mail-logo.png */ = {isa = PBXFileReference; lastKnownFileType = image.png; name = "Yahoo-Mail-logo.png"; path = "kdb3/images/Yahoo-Mail-logo.png"; sourceTree = "<group>"; };
		B22877EC1F1FD38700141C72 /* thumbsdown.gif */ = {isa = PBXFileReference; lastKnownFileType = image.gif; name = thumbsdown.gif; path = kdb3/images/thumbsdown.gif; sourceTree = "<group>"; };
		B22877ED1F1FD38700141C72 /* funny.png */ = {isa = PBXFileReference; lastKnownFileType = image.png; name = funny.png; path = kdb3/images/funny.png; sourceTree = "<group>"; };
		B22877EE1F1FD38700141C72 /* sad.png */ = {isa = PBXFileReference; lastKnownFileType = image.png; name = sad.png; path = kdb3/images/sad.png; sourceTree = "<group>"; };
		B22877EF1F1FD38700141C72 /* ok.png */ = {isa = PBXFileReference; lastKnownFileType = image.png; name = ok.png; path = kdb3/images/ok.png; sourceTree = "<group>"; };
		B22877F01F1FD38700141C72 /* lcase.png */ = {isa = PBXFileReference; lastKnownFileType = image.png; name = lcase.png; path = kdb3/images/lcase.png; sourceTree = "<group>"; };
		B22877F11F1FD38700141C72 /* ucase.png */ = {isa = PBXFileReference; lastKnownFileType = image.png; name = ucase.png; path = kdb3/images/ucase.png; sourceTree = "<group>"; };
		B22877F21F1FD38700141C72 /* space.png */ = {isa = PBXFileReference; lastKnownFileType = image.png; name = space.png; path = kdb3/images/space.png; sourceTree = "<group>"; };
		B22877F31F1FD38700141C72 /* next.png */ = {isa = PBXFileReference; lastKnownFileType = image.png; name = next.png; path = kdb3/images/next.png; sourceTree = "<group>"; };
		B22877F51F1FD38700141C72 /* back.jpg */ = {isa = PBXFileReference; lastKnownFileType = image.jpeg; name = back.jpg; path = kdb3/images/back.jpg; sourceTree = "<group>"; };
		B22877F61F1FD38700141C72 /* return.png */ = {isa = PBXFileReference; lastKnownFileType = image.png; name = return.png; path = kdb3/images/return.png; sourceTree = "<group>"; };
		B228780F1F1FD7C500141C72 /* gmail.jpeg */ = {isa = PBXFileReference; lastKnownFileType = image.jpeg; name = gmail.jpeg; path = kdb3/images/gmail.jpeg; sourceTree = "<group>"; };
		B22878121F1FD95200141C72 /* gmail2.png */ = {isa = PBXFileReference; lastKnownFileType = image.png; name = gmail2.png; path = kdb3/images/gmail2.png; sourceTree = "<group>"; };
		B22878151F1FD9D900141C72 /* yahoomail.png */ = {isa = PBXFileReference; lastKnownFileType = image.png; name = yahoomail.png; path = kdb3/images/yahoomail.png; sourceTree = "<group>"; };
		B22878181F1FDA8100141C72 /* ymail.png */ = {isa = PBXFileReference; lastKnownFileType = image.png; name = ymail.png; path = kdb3/images/ymail.png; sourceTree = "<group>"; };
		B228781B1F1FDB6F00141C72 /* Phone.png */ = {isa = PBXFileReference; lastKnownFileType = image.png; name = Phone.png; path = kdb3/images/Phone.png; sourceTree = "<group>"; };
		B228781E1F1FDEC800141C72 /* secret.png */ = {isa = PBXFileReference; lastKnownFileType = image.png; name = secret.png; path = kdb3/images/secret.png; sourceTree = "<group>"; };
		B22F910D1F1D046E00E5E6AC /* fu.png */ = {isa = PBXFileReference; lastKnownFileType = image.png; name = fu.png; path = kdb3/images/fu.png; sourceTree = "<group>"; };
		B22F910E1F1D046E00E5E6AC /* noay.jpg */ = {isa = PBXFileReference; lastKnownFileType = image.jpeg; name = noay.jpg; path = kdb3/images/noay.jpg; sourceTree = "<group>"; };
		B22F910F1F1D046E00E5E6AC /* ok.jpg */ = {isa = PBXFileReference; lastKnownFileType = image.jpeg; name = ok.jpg; path = kdb3/images/ok.jpg; sourceTree = "<group>"; };
		B24048311F2680AC00922CDE /* noway.png */ = {isa = PBXFileReference; lastKnownFileType = image.png; name = noway.png; path = kdb3/images/noway.png; sourceTree = "<group>"; };
		B24048351F2681E000922CDE /* thumbs_down_angry.png */ = {isa = PBXFileReference; lastKnownFileType = image.png; name = thumbs_down_angry.png; path = kdb3/images/thumbs_down_angry.png; sourceTree = "<group>"; };
		B257CCF91F292E6C009DD6DD /* Settings.bundle */ = {isa = PBXFileReference; lastKnownFileType = "wrapper.plug-in"; path = Settings.bundle; sourceTree = "<group>"; };
		B2F2F4441F21627900804898 /* KeyboardView.swift */ = {isa = PBXFileReference; fileEncoding = 4; lastKnownFileType = sourcecode.swift; path = KeyboardView.swift; sourceTree = "<group>"; };
		B2FED7C71F1BB261005AA45F /* kdb3.app */ = {isa = PBXFileReference; explicitFileType = wrapper.application; includeInIndex = 0; path = kdb3.app; sourceTree = BUILT_PRODUCTS_DIR; };
		B2FED7CA1F1BB261005AA45F /* AppDelegate.swift */ = {isa = PBXFileReference; lastKnownFileType = sourcecode.swift; path = AppDelegate.swift; sourceTree = "<group>"; };
		B2FED7CC1F1BB261005AA45F /* ViewController.swift */ = {isa = PBXFileReference; lastKnownFileType = sourcecode.swift; path = ViewController.swift; sourceTree = "<group>"; };
		B2FED7CF1F1BB261005AA45F /* Base */ = {isa = PBXFileReference; lastKnownFileType = file.storyboard; name = Base; path = Base.lproj/Main.storyboard; sourceTree = "<group>"; };
		B2FED7D11F1BB261005AA45F /* Assets.xcassets */ = {isa = PBXFileReference; lastKnownFileType = folder.assetcatalog; path = Assets.xcassets; sourceTree = "<group>"; };
		B2FED7D41F1BB261005AA45F /* Base */ = {isa = PBXFileReference; lastKnownFileType = file.storyboard; name = Base; path = Base.lproj/LaunchScreen.storyboard; sourceTree = "<group>"; };
		B2FED7D61F1BB261005AA45F /* Info.plist */ = {isa = PBXFileReference; lastKnownFileType = text.plist.xml; path = Info.plist; sourceTree = "<group>"; };
		B2FED7DB1F1BB261005AA45F /* kdb3Tests.xctest */ = {isa = PBXFileReference; explicitFileType = wrapper.cfbundle; includeInIndex = 0; path = kdb3Tests.xctest; sourceTree = BUILT_PRODUCTS_DIR; };
		B2FED7DF1F1BB261005AA45F /* kdb3Tests.swift */ = {isa = PBXFileReference; lastKnownFileType = sourcecode.swift; path = kdb3Tests.swift; sourceTree = "<group>"; };
		B2FED7E11F1BB261005AA45F /* Info.plist */ = {isa = PBXFileReference; lastKnownFileType = text.plist.xml; path = Info.plist; sourceTree = "<group>"; };
		B2FED7E61F1BB261005AA45F /* kdb3UITests.xctest */ = {isa = PBXFileReference; explicitFileType = wrapper.cfbundle; includeInIndex = 0; path = kdb3UITests.xctest; sourceTree = BUILT_PRODUCTS_DIR; };
		B2FED7EA1F1BB261005AA45F /* kdb3UITests.swift */ = {isa = PBXFileReference; lastKnownFileType = sourcecode.swift; path = kdb3UITests.swift; sourceTree = "<group>"; };
		B2FED7EC1F1BB261005AA45F /* Info.plist */ = {isa = PBXFileReference; lastKnownFileType = text.plist.xml; path = Info.plist; sourceTree = "<group>"; };
		B2FED7FC1F1BB37B005AA45F /* AC Keyboard.appex */ = {isa = PBXFileReference; explicitFileType = "wrapper.app-extension"; includeInIndex = 0; path = "AC Keyboard.appex"; sourceTree = BUILT_PRODUCTS_DIR; };
		B2FED7FE1F1BB37B005AA45F /* KeyboardViewController.swift */ = {isa = PBXFileReference; lastKnownFileType = sourcecode.swift; path = KeyboardViewController.swift; sourceTree = "<group>"; };
		B2FED8001F1BB37B005AA45F /* Info.plist */ = {isa = PBXFileReference; lastKnownFileType = text.plist.xml; path = Info.plist; sourceTree = "<group>"; };
		B2FED8081F1BB6EF005AA45F /* KeyboardView.xib */ = {isa = PBXFileReference; fileEncoding = 4; lastKnownFileType = file.xib; path = KeyboardView.xib; sourceTree = "<group>"; };
/* End PBXFileReference section */

/* Begin PBXFrameworksBuildPhase section */
		B2FED7C41F1BB261005AA45F /* Frameworks */ = {
			isa = PBXFrameworksBuildPhase;
			buildActionMask = 2147483647;
			files = (
			);
			runOnlyForDeploymentPostprocessing = 0;
		};
		B2FED7D81F1BB261005AA45F /* Frameworks */ = {
			isa = PBXFrameworksBuildPhase;
			buildActionMask = 2147483647;
			files = (
			);
			runOnlyForDeploymentPostprocessing = 0;
		};
		B2FED7E31F1BB261005AA45F /* Frameworks */ = {
			isa = PBXFrameworksBuildPhase;
			buildActionMask = 2147483647;
			files = (
			);
			runOnlyForDeploymentPostprocessing = 0;
		};
		B2FED7F91F1BB37B005AA45F /* Frameworks */ = {
			isa = PBXFrameworksBuildPhase;
			buildActionMask = 2147483647;
			files = (
			);
			runOnlyForDeploymentPostprocessing = 0;
		};
/* End PBXFrameworksBuildPhase section */

/* Begin PBXGroup section */
		B22F910C1F1D035300E5E6AC /* images */ = {
			isa = PBXGroup;
			children = (
				B24048351F2681E000922CDE /* thumbs_down_angry.png */,
				B24048311F2680AC00922CDE /* noway.png */,
				B228781E1F1FDEC800141C72 /* secret.png */,
				B228781B1F1FDB6F00141C72 /* Phone.png */,
				B22878181F1FDA8100141C72 /* ymail.png */,
				B22878121F1FD95200141C72 /* gmail2.png */,
				B228780F1F1FD7C500141C72 /* gmail.jpeg */,
				B22877EB1F1FD38700141C72 /* Yahoo-Mail-logo.png */,
				B22877EC1F1FD38700141C72 /* thumbsdown.gif */,
				B22877ED1F1FD38700141C72 /* funny.png */,
				B22877EE1F1FD38700141C72 /* sad.png */,
				B22877EF1F1FD38700141C72 /* ok.png */,
				B22877F01F1FD38700141C72 /* lcase.png */,
				B22877F11F1FD38700141C72 /* ucase.png */,
				B22877F21F1FD38700141C72 /* space.png */,
				B22877F31F1FD38700141C72 /* next.png */,
				B22877F51F1FD38700141C72 /* back.jpg */,
				B22877F61F1FD38700141C72 /* return.png */,
				B22877E81F1FD18700141C72 /* hide.png */,
				B22F910D1F1D046E00E5E6AC /* fu.png */,
				B22F910E1F1D046E00E5E6AC /* noay.jpg */,
				B22F910F1F1D046E00E5E6AC /* ok.jpg */,
			);
			name = images;
			sourceTree = "<group>";
		};
		B2FED7BE1F1BB261005AA45F = {
			isa = PBXGroup;
			children = (
				B257CCF91F292E6C009DD6DD /* Settings.bundle */,
				B22878151F1FD9D900141C72 /* yahoomail.png */,
				B22F910C1F1D035300E5E6AC /* images */,
				B2FED7C91F1BB261005AA45F /* kdb3 */,
				B2FED7DE1F1BB261005AA45F /* kdb3Tests */,
				B2FED7E91F1BB261005AA45F /* kdb3UITests */,
				B2FED7FD1F1BB37B005AA45F /* AC Keyboard */,
				B2FED7C81F1BB261005AA45F /* Products */,
			);
			sourceTree = "<group>";
		};
		B2FED7C81F1BB261005AA45F /* Products */ = {
			isa = PBXGroup;
			children = (
				B2FED7C71F1BB261005AA45F /* kdb3.app */,
				B2FED7DB1F1BB261005AA45F /* kdb3Tests.xctest */,
				B2FED7E61F1BB261005AA45F /* kdb3UITests.xctest */,
				B2FED7FC1F1BB37B005AA45F /* AC Keyboard.appex */,
			);
			name = Products;
			sourceTree = "<group>";
		};
		B2FED7C91F1BB261005AA45F /* kdb3 */ = {
			isa = PBXGroup;
			children = (
				B20B86CB1F20FB660067E08B /* kdb3.entitlements */,
				B2FED7CA1F1BB261005AA45F /* AppDelegate.swift */,
				B2FED7CC1F1BB261005AA45F /* ViewController.swift */,
				B2FED7CE1F1BB261005AA45F /* Main.storyboard */,
				B2FED7D11F1BB261005AA45F /* Assets.xcassets */,
				B2FED7D31F1BB261005AA45F /* LaunchScreen.storyboard */,
				B2FED7D61F1BB261005AA45F /* Info.plist */,
			);
			path = kdb3;
			sourceTree = "<group>";
		};
		B2FED7DE1F1BB261005AA45F /* kdb3Tests */ = {
			isa = PBXGroup;
			children = (
				B2FED7DF1F1BB261005AA45F /* kdb3Tests.swift */,
				B2FED7E11F1BB261005AA45F /* Info.plist */,
			);
			path = kdb3Tests;
			sourceTree = "<group>";
		};
		B2FED7E91F1BB261005AA45F /* kdb3UITests */ = {
			isa = PBXGroup;
			children = (
				B2FED7EA1F1BB261005AA45F /* kdb3UITests.swift */,
				B2FED7EC1F1BB261005AA45F /* Info.plist */,
			);
			path = kdb3UITests;
			sourceTree = "<group>";
		};
		B2FED7FD1F1BB37B005AA45F /* AC Keyboard */ = {
			isa = PBXGroup;
			children = (
				B20B86CC1F20FCA70067E08B /* AC Keyboard.entitlements */,
				B2FED7FE1F1BB37B005AA45F /* KeyboardViewController.swift */,
				B2FED8001F1BB37B005AA45F /* Info.plist */,
				B2FED8081F1BB6EF005AA45F /* KeyboardView.xib */,
				B2F2F4441F21627900804898 /* KeyboardView.swift */,
			);
			path = "AC Keyboard";
			sourceTree = "<group>";
		};
/* End PBXGroup section */

/* Begin PBXNativeTarget section */
		B2FED7C61F1BB261005AA45F /* kdb3 */ = {
			isa = PBXNativeTarget;
			buildConfigurationList = B2FED7EF1F1BB261005AA45F /* Build configuration list for PBXNativeTarget "kdb3" */;
			buildPhases = (
				B2FED7C31F1BB261005AA45F /* Sources */,
				B2FED7C41F1BB261005AA45F /* Frameworks */,
				B2FED7C51F1BB261005AA45F /* Resources */,
				B2FED8071F1BB37B005AA45F /* Embed App Extensions */,
			);
			buildRules = (
			);
			dependencies = (
				B2FED8021F1BB37B005AA45F /* PBXTargetDependency */,
			);
			name = kdb3;
			productName = kdb3;
			productReference = B2FED7C71F1BB261005AA45F /* kdb3.app */;
			productType = "com.apple.product-type.application";
		};
		B2FED7DA1F1BB261005AA45F /* kdb3Tests */ = {
			isa = PBXNativeTarget;
			buildConfigurationList = B2FED7F21F1BB261005AA45F /* Build configuration list for PBXNativeTarget "kdb3Tests" */;
			buildPhases = (
				B2FED7D71F1BB261005AA45F /* Sources */,
				B2FED7D81F1BB261005AA45F /* Frameworks */,
				B2FED7D91F1BB261005AA45F /* Resources */,
			);
			buildRules = (
			);
			dependencies = (
				B2FED7DD1F1BB261005AA45F /* PBXTargetDependency */,
			);
			name = kdb3Tests;
			productName = kdb3Tests;
			productReference = B2FED7DB1F1BB261005AA45F /* kdb3Tests.xctest */;
			productType = "com.apple.product-type.bundle.unit-test";
		};
		B2FED7E51F1BB261005AA45F /* kdb3UITests */ = {
			isa = PBXNativeTarget;
			buildConfigurationList = B2FED7F51F1BB261005AA45F /* Build configuration list for PBXNativeTarget "kdb3UITests" */;
			buildPhases = (
				B2FED7E21F1BB261005AA45F /* Sources */,
				B2FED7E31F1BB261005AA45F /* Frameworks */,
				B2FED7E41F1BB261005AA45F /* Resources */,
			);
			buildRules = (
			);
			dependencies = (
				B2FED7E81F1BB261005AA45F /* PBXTargetDependency */,
			);
			name = kdb3UITests;
			productName = kdb3UITests;
			productReference = B2FED7E61F1BB261005AA45F /* kdb3UITests.xctest */;
			productType = "com.apple.product-type.bundle.ui-testing";
		};
		B2FED7FB1F1BB37B005AA45F /* AC Keyboard */ = {
			isa = PBXNativeTarget;
			buildConfigurationList = B2FED8041F1BB37B005AA45F /* Build configuration list for PBXNativeTarget "AC Keyboard" */;
			buildPhases = (
				B2FED7F81F1BB37B005AA45F /* Sources */,
				B2FED7F91F1BB37B005AA45F /* Frameworks */,
				B2FED7FA1F1BB37B005AA45F /* Resources */,
			);
			buildRules = (
			);
			dependencies = (
			);
			name = "AC Keyboard";
			productName = "AC Keyboard";
			productReference = B2FED7FC1F1BB37B005AA45F /* AC Keyboard.appex */;
			productType = "com.apple.product-type.app-extension";
		};
/* End PBXNativeTarget section */

/* Begin PBXProject section */
		B2FED7BF1F1BB261005AA45F /* Project object */ = {
			isa = PBXProject;
			attributes = {
				LastSwiftUpdateCheck = 0830;
				LastUpgradeCheck = 0830;
				ORGANIZATIONNAME = "Alben Software";
				TargetAttributes = {
					B2FED7C61F1BB261005AA45F = {
						CreatedOnToolsVersion = 8.3.3;
						DevelopmentTeam = 388X7HA3JM;
						LastSwiftMigration = 0830;
						ProvisioningStyle = Manual;
						SystemCapabilities = {
							com.apple.ApplicationGroups.iOS = {
								enabled = 1;
							};
						};
					};
					B2FED7DA1F1BB261005AA45F = {
						CreatedOnToolsVersion = 8.3.3;
						DevelopmentTeam = 388X7HA3JM;
						ProvisioningStyle = Automatic;
						TestTargetID = B2FED7C61F1BB261005AA45F;
					};
					B2FED7E51F1BB261005AA45F = {
						CreatedOnToolsVersion = 8.3.3;
						DevelopmentTeam = 388X7HA3JM;
						ProvisioningStyle = Automatic;
						TestTargetID = B2FED7C61F1BB261005AA45F;
					};
					B2FED7FB1F1BB37B005AA45F = {
						CreatedOnToolsVersion = 8.3.3;
						DevelopmentTeam = 388X7HA3JM;
						LastSwiftMigration = 0830;
						ProvisioningStyle = Manual;
						SystemCapabilities = {
							com.apple.ApplicationGroups.iOS = {
								enabled = 1;
							};
						};
					};
				};
			};
			buildConfigurationList = B2FED7C21F1BB261005AA45F /* Build configuration list for PBXProject "kdb3" */;
			compatibilityVersion = "Xcode 3.2";
			developmentRegion = English;
			hasScannedForEncodings = 0;
			knownRegions = (
				en,
				Base,
			);
			mainGroup = B2FED7BE1F1BB261005AA45F;
			productRefGroup = B2FED7C81F1BB261005AA45F /* Products */;
			projectDirPath = "";
			projectRoot = "";
			targets = (
				B2FED7C61F1BB261005AA45F /* kdb3 */,
				B2FED7DA1F1BB261005AA45F /* kdb3Tests */,
				B2FED7E51F1BB261005AA45F /* kdb3UITests */,
				B2FED7FB1F1BB37B005AA45F /* AC Keyboard */,
			);
		};
/* End PBXProject section */

/* Begin PBXResourcesBuildPhase section */
		B2FED7C51F1BB261005AA45F /* Resources */ = {
			isa = PBXResourcesBuildPhase;
			buildActionMask = 2147483647;
			files = (
				B24048361F2681E000922CDE /* thumbs_down_angry.png in Resources */,
				B22F91101F1D046E00E5E6AC /* fu.png in Resources */,
				B22F91121F1D046E00E5E6AC /* ok.jpg in Resources */,
				B22878131F1FD95200141C72 /* gmail2.png in Resources */,
				B22F91111F1D046E00E5E6AC /* noay.jpg in Resources */,
				B2FED7D51F1BB261005AA45F /* LaunchScreen.storyboard in Resources */,
				B22878161F1FD9D900141C72 /* yahoomail.png in Resources */,
				B228781C1F1FDB6F00141C72 /* Phone.png in Resources */,
				B228780B1F1FD38700141C72 /* back.jpg in Resources */,
				B22877F71F1FD38700141C72 /* Yahoo-Mail-logo.png in Resources */,
				B2FED7D21F1BB261005AA45F /* Assets.xcassets in Resources */,
				B22877F91F1FD38700141C72 /* thumbsdown.gif in Resources */,
				B22878051F1FD38700141C72 /* space.png in Resources */,
				B22877E91F1FD18700141C72 /* hide.png in Resources */,
				B228781F1F1FDEC800141C72 /* secret.png in Resources */,
				B228780D1F1FD38700141C72 /* return.png in Resources */,
				B22878101F1FD7C500141C72 /* gmail.jpeg in Resources */,
				B22877FD1F1FD38700141C72 /* sad.png in Resources */,
				B22878071F1FD38700141C72 /* next.png in Resources */,
				B22877FB1F1FD38700141C72 /* funny.png in Resources */,
				B2FED7D01F1BB261005AA45F /* Main.storyboard in Resources */,
				B22877FF1F1FD38700141C72 /* ok.png in Resources */,
				B22878011F1FD38700141C72 /* lcase.png in Resources */,
				B22878031F1FD38700141C72 /* ucase.png in Resources */,
				B24048321F2680AC00922CDE /* noway.png in Resources */,
				B257CCFA1F292E6C009DD6DD /* Settings.bundle in Resources */,
				B22878191F1FDA8100141C72 /* ymail.png in Resources */,
			);
			runOnlyForDeploymentPostprocessing = 0;
		};
		B2FED7D91F1BB261005AA45F /* Resources */ = {
			isa = PBXResourcesBuildPhase;
			buildActionMask = 2147483647;
			files = (
			);
			runOnlyForDeploymentPostprocessing = 0;
		};
		B2FED7E41F1BB261005AA45F /* Resources */ = {
			isa = PBXResourcesBuildPhase;
			buildActionMask = 2147483647;
			files = (
			);
			runOnlyForDeploymentPostprocessing = 0;
		};
		B2FED7FA1F1BB37B005AA45F /* Resources */ = {
			isa = PBXResourcesBuildPhase;
			buildActionMask = 2147483647;
			files = (
				B22878081F1FD38700141C72 /* next.png in Resources */,
				B22877FE1F1FD38700141C72 /* sad.png in Resources */,
				B24048371F2681E000922CDE /* thumbs_down_angry.png in Resources */,
				B22877F81F1FD38700141C72 /* Yahoo-Mail-logo.png in Resources */,
				B228780E1F1FD38700141C72 /* return.png in Resources */,
				B22878021F1FD38700141C72 /* lcase.png in Resources */,
				B22878111F1FD7C500141C72 /* gmail.jpeg in Resources */,
				B22878171F1FD9D900141C72 /* yahoomail.png in Resources */,
				B22F911A1F1D0C3000E5E6AC /* ok.jpg in Resources */,
				B22F91191F1D0C2800E5E6AC /* fu.png in Resources */,
				B22877FA1F1FD38700141C72 /* thumbsdown.gif in Resources */,
				B22878201F1FDEC800141C72 /* secret.png in Resources */,
				B228780C1F1FD38700141C72 /* back.jpg in Resources */,
				B22878061F1FD38700141C72 /* space.png in Resources */,
				B24048331F2680AC00922CDE /* noway.png in Resources */,
				B22878001F1FD38700141C72 /* ok.png in Resources */,
				B228781D1F1FDB6F00141C72 /* Phone.png in Resources */,
				B22877FC1F1FD38700141C72 /* funny.png in Resources */,
				B228781A1F1FDA8100141C72 /* ymail.png in Resources */,
				B22F91181F1D0C2100E5E6AC /* noay.jpg in Resources */,
				B22878041F1FD38700141C72 /* ucase.png in Resources */,
				B2FED8091F1BB6EF005AA45F /* KeyboardView.xib in Resources */,
				B257CCFB1F292E6C009DD6DD /* Settings.bundle in Resources */,
				B22878141F1FD95200141C72 /* gmail2.png in Resources */,
				B22877EA1F1FD18700141C72 /* hide.png in Resources */,
			);
			runOnlyForDeploymentPostprocessing = 0;
		};
/* End PBXResourcesBuildPhase section */

/* Begin PBXSourcesBuildPhase section */
		B2FED7C31F1BB261005AA45F /* Sources */ = {
			isa = PBXSourcesBuildPhase;
			buildActionMask = 2147483647;
			files = (
				B2FED7CD1F1BB261005AA45F /* ViewController.swift in Sources */,
				B2FED7CB1F1BB261005AA45F /* AppDelegate.swift in Sources */,
			);
			runOnlyForDeploymentPostprocessing = 0;
		};
		B2FED7D71F1BB261005AA45F /* Sources */ = {
			isa = PBXSourcesBuildPhase;
			buildActionMask = 2147483647;
			files = (
				B2FED7E01F1BB261005AA45F /* kdb3Tests.swift in Sources */,
			);
			runOnlyForDeploymentPostprocessing = 0;
		};
		B2FED7E21F1BB261005AA45F /* Sources */ = {
			isa = PBXSourcesBuildPhase;
			buildActionMask = 2147483647;
			files = (
				B2FED7EB1F1BB261005AA45F /* kdb3UITests.swift in Sources */,
			);
			runOnlyForDeploymentPostprocessing = 0;
		};
		B2FED7F81F1BB37B005AA45F /* Sources */ = {
			isa = PBXSourcesBuildPhase;
			buildActionMask = 2147483647;
			files = (
				B2FED7FF1F1BB37B005AA45F /* KeyboardViewController.swift in Sources */,
				B2F2F4451F21627900804898 /* KeyboardView.swift in Sources */,
			);
			runOnlyForDeploymentPostprocessing = 0;
		};
/* End PBXSourcesBuildPhase section */

/* Begin PBXTargetDependency section */
		B2FED7DD1F1BB261005AA45F /* PBXTargetDependency */ = {
			isa = PBXTargetDependency;
			target = B2FED7C61F1BB261005AA45F /* kdb3 */;
			targetProxy = B2FED7DC1F1BB261005AA45F /* PBXContainerItemProxy */;
		};
		B2FED7E81F1BB261005AA45F /* PBXTargetDependency */ = {
			isa = PBXTargetDependency;
			target = B2FED7C61F1BB261005AA45F /* kdb3 */;
			targetProxy = B2FED7E71F1BB261005AA45F /* PBXContainerItemProxy */;
		};
		B2FED8021F1BB37B005AA45F /* PBXTargetDependency */ = {
			isa = PBXTargetDependency;
			target = B2FED7FB1F1BB37B005AA45F /* AC Keyboard */;
			targetProxy = B2FED8011F1BB37B005AA45F /* PBXContainerItemProxy */;
		};
/* End PBXTargetDependency section */

/* Begin PBXVariantGroup section */
		B2FED7CE1F1BB261005AA45F /* Main.storyboard */ = {
			isa = PBXVariantGroup;
			children = (
				B2FED7CF1F1BB261005AA45F /* Base */,
			);
			name = Main.storyboard;
			sourceTree = "<group>";
		};
		B2FED7D31F1BB261005AA45F /* LaunchScreen.storyboard */ = {
			isa = PBXVariantGroup;
			children = (
				B2FED7D41F1BB261005AA45F /* Base */,
			);
			name = LaunchScreen.storyboard;
			sourceTree = "<group>";
		};
/* End PBXVariantGroup section */

/* Begin XCBuildConfiguration section */
		B20DBE1D1F1DACD100FA1C13 /* AdHoc */ = {
			isa = XCBuildConfiguration;
			buildSettings = {
				ALWAYS_SEARCH_USER_PATHS = NO;
				CLANG_ANALYZER_NONNULL = YES;
				CLANG_ANALYZER_NUMBER_OBJECT_CONVERSION = YES_AGGRESSIVE;
				CLANG_CXX_LANGUAGE_STANDARD = "gnu++0x";
				CLANG_CXX_LIBRARY = "libc++";
				CLANG_ENABLE_MODULES = YES;
				CLANG_ENABLE_OBJC_ARC = YES;
				CLANG_WARN_BOOL_CONVERSION = YES;
				CLANG_WARN_CONSTANT_CONVERSION = YES;
				CLANG_WARN_DIRECT_OBJC_ISA_USAGE = YES_ERROR;
				CLANG_WARN_DOCUMENTATION_COMMENTS = YES;
				CLANG_WARN_EMPTY_BODY = YES;
				CLANG_WARN_ENUM_CONVERSION = YES;
				CLANG_WARN_INFINITE_RECURSION = YES;
				CLANG_WARN_INT_CONVERSION = YES;
				CLANG_WARN_OBJC_ROOT_CLASS = YES_ERROR;
				CLANG_WARN_SUSPICIOUS_MOVE = YES;
				CLANG_WARN_UNREACHABLE_CODE = YES;
				CLANG_WARN__DUPLICATE_METHOD_MATCH = YES;
				CODE_SIGN_IDENTITY = "iPhone Distribution";
				"CODE_SIGN_IDENTITY[sdk=iphoneos*]" = "iPhone Distribution";
				COPY_PHASE_STRIP = NO;
				DEBUG_INFORMATION_FORMAT = "dwarf-with-dsym";
				ENABLE_NS_ASSERTIONS = NO;
				ENABLE_STRICT_OBJC_MSGSEND = YES;
				GCC_C_LANGUAGE_STANDARD = gnu99;
				GCC_NO_COMMON_BLOCKS = YES;
				GCC_WARN_64_TO_32_BIT_CONVERSION = YES;
				GCC_WARN_ABOUT_RETURN_TYPE = YES_ERROR;
				GCC_WARN_UNDECLARED_SELECTOR = YES;
				GCC_WARN_UNINITIALIZED_AUTOS = YES_AGGRESSIVE;
				GCC_WARN_UNUSED_FUNCTION = YES;
				GCC_WARN_UNUSED_VARIABLE = YES;
				IPHONEOS_DEPLOYMENT_TARGET = 10.3;
				MTL_ENABLE_DEBUG_INFO = NO;
				SDKROOT = iphoneos;
				SWIFT_OPTIMIZATION_LEVEL = "-Owholemodule";
				TARGETED_DEVICE_FAMILY = "1,2";
				VALIDATE_PRODUCT = YES;
			};
			name = AdHoc;
		};
		B20DBE1E1F1DACD100FA1C13 /* AdHoc */ = {
			isa = XCBuildConfiguration;
			buildSettings = {
				ALWAYS_EMBED_SWIFT_STANDARD_LIBRARIES = YES;
				ASSETCATALOG_COMPILER_APPICON_NAME = AppIcon;
				CODE_SIGN_ENTITLEMENTS = kdb3/kdb3.entitlements;
				"CODE_SIGN_IDENTITY[sdk=iphoneos*]" = "iPhone Distribution";
				DEVELOPMENT_TEAM = 388X7HA3JM;
				INFOPLIST_FILE = kdb3/Info.plist;
				LD_RUNPATH_SEARCH_PATHS = "$(inherited) @executable_path/Frameworks";
				PRODUCT_BUNDLE_IDENTIFIER = com.alben.kdb3;
				PRODUCT_NAME = "$(TARGET_NAME)";
				PROVISIONING_PROFILE = "715ad932-45ac-4b67-a48b-f625918c3027";
				PROVISIONING_PROFILE_SPECIFIER = "kdb3 AdHoc";
				SWIFT_VERSION = 3.0;
			};
			name = AdHoc;
		};
		B20DBE1F1F1DACD100FA1C13 /* AdHoc */ = {
			isa = XCBuildConfiguration;
			buildSettings = {
				ALWAYS_EMBED_SWIFT_STANDARD_LIBRARIES = YES;
				BUNDLE_LOADER = "$(TEST_HOST)";
				DEVELOPMENT_TEAM = 388X7HA3JM;
				INFOPLIST_FILE = kdb3Tests/Info.plist;
				LD_RUNPATH_SEARCH_PATHS = "$(inherited) @executable_path/Frameworks @loader_path/Frameworks";
				PRODUCT_BUNDLE_IDENTIFIER = com.alben.t1.kdb3Tests;
				PRODUCT_NAME = "$(TARGET_NAME)";
				SWIFT_VERSION = 3.0;
				TEST_HOST = "$(BUILT_PRODUCTS_DIR)/kdb3.app/kdb3";
			};
			name = AdHoc;
		};
		B20DBE201F1DACD100FA1C13 /* AdHoc */ = {
			isa = XCBuildConfiguration;
			buildSettings = {
				ALWAYS_EMBED_SWIFT_STANDARD_LIBRARIES = YES;
				DEVELOPMENT_TEAM = 388X7HA3JM;
				INFOPLIST_FILE = kdb3UITests/Info.plist;
				LD_RUNPATH_SEARCH_PATHS = "$(inherited) @executable_path/Frameworks @loader_path/Frameworks";
				PRODUCT_BUNDLE_IDENTIFIER = com.alben.t1.kdb3UITests;
				PRODUCT_NAME = "$(TARGET_NAME)";
				SWIFT_VERSION = 3.0;
				TEST_TARGET_NAME = kdb3;
			};
			name = AdHoc;
		};
		B20DBE211F1DACD100FA1C13 /* AdHoc */ = {
			isa = XCBuildConfiguration;
			buildSettings = {
				CODE_SIGN_ENTITLEMENTS = "AC Keyboard/AC Keyboard.entitlements";
				"CODE_SIGN_IDENTITY[sdk=iphoneos*]" = "iPhone Distribution";
				DEVELOPMENT_TEAM = 388X7HA3JM;
				INFOPLIST_FILE = "AC Keyboard/Info.plist";
				LD_RUNPATH_SEARCH_PATHS = "$(inherited) @executable_path/Frameworks @executable_path/../../Frameworks";
				PRODUCT_BUNDLE_IDENTIFIER = "com.alben.kdb3.AC-Keyboard";
				PRODUCT_NAME = "$(TARGET_NAME)";
				PROVISIONING_PROFILE = "5c2e8b20-22e5-4c51-a79f-c8ec4e9a555b";
				PROVISIONING_PROFILE_SPECIFIER = "kdb3 kdb AdHoc";
				SKIP_INSTALL = YES;
				SWIFT_VERSION = 3.0;
			};
			name = AdHoc;
		};
		B2FED7ED1F1BB261005AA45F /* Debug */ = {
			isa = XCBuildConfiguration;
			buildSettings = {
				ALWAYS_SEARCH_USER_PATHS = NO;
				CLANG_ANALYZER_NONNULL = YES;
				CLANG_ANALYZER_NUMBER_OBJECT_CONVERSION = YES_AGGRESSIVE;
				CLANG_CXX_LANGUAGE_STANDARD = "gnu++0x";
				CLANG_CXX_LIBRARY = "libc++";
				CLANG_ENABLE_MODULES = YES;
				CLANG_ENABLE_OBJC_ARC = YES;
				CLANG_WARN_BOOL_CONVERSION = YES;
				CLANG_WARN_CONSTANT_CONVERSION = YES;
				CLANG_WARN_DIRECT_OBJC_ISA_USAGE = YES_ERROR;
				CLANG_WARN_DOCUMENTATION_COMMENTS = YES;
				CLANG_WARN_EMPTY_BODY = YES;
				CLANG_WARN_ENUM_CONVERSION = YES;
				CLANG_WARN_INFINITE_RECURSION = YES;
				CLANG_WARN_INT_CONVERSION = YES;
				CLANG_WARN_OBJC_ROOT_CLASS = YES_ERROR;
				CLANG_WARN_SUSPICIOUS_MOVE = YES;
				CLANG_WARN_UNREACHABLE_CODE = YES;
				CLANG_WARN__DUPLICATE_METHOD_MATCH = YES;
				CODE_SIGN_IDENTITY = "";
				"CODE_SIGN_IDENTITY[sdk=iphoneos*]" = "";
				COPY_PHASE_STRIP = NO;
				DEBUG_INFORMATION_FORMAT = dwarf;
				ENABLE_STRICT_OBJC_MSGSEND = YES;
				ENABLE_TESTABILITY = YES;
				GCC_C_LANGUAGE_STANDARD = gnu99;
				GCC_DYNAMIC_NO_PIC = NO;
				GCC_NO_COMMON_BLOCKS = YES;
				GCC_OPTIMIZATION_LEVEL = 0;
				GCC_PREPROCESSOR_DEFINITIONS = (
					"DEBUG=1",
					"$(inherited)",
				);
				GCC_WARN_64_TO_32_BIT_CONVERSION = YES;
				GCC_WARN_ABOUT_RETURN_TYPE = YES_ERROR;
				GCC_WARN_UNDECLARED_SELECTOR = YES;
				GCC_WARN_UNINITIALIZED_AUTOS = YES_AGGRESSIVE;
				GCC_WARN_UNUSED_FUNCTION = YES;
				GCC_WARN_UNUSED_VARIABLE = YES;
				IPHONEOS_DEPLOYMENT_TARGET = 10.3;
				MTL_ENABLE_DEBUG_INFO = YES;
				ONLY_ACTIVE_ARCH = YES;
				SDKROOT = iphoneos;
				SWIFT_ACTIVE_COMPILATION_CONDITIONS = DEBUG;
				SWIFT_OPTIMIZATION_LEVEL = "-Onone";
				TARGETED_DEVICE_FAMILY = "1,2";
			};
			name = Debug;
		};
		B2FED7EE1F1BB261005AA45F /* Release */ = {
			isa = XCBuildConfiguration;
			buildSettings = {
				ALWAYS_SEARCH_USER_PATHS = NO;
				CLANG_ANALYZER_NONNULL = YES;
				CLANG_ANALYZER_NUMBER_OBJECT_CONVERSION = YES_AGGRESSIVE;
				CLANG_CXX_LANGUAGE_STANDARD = "gnu++0x";
				CLANG_CXX_LIBRARY = "libc++";
				CLANG_ENABLE_MODULES = YES;
				CLANG_ENABLE_OBJC_ARC = YES;
				CLANG_WARN_BOOL_CONVERSION = YES;
				CLANG_WARN_CONSTANT_CONVERSION = YES;
				CLANG_WARN_DIRECT_OBJC_ISA_USAGE = YES_ERROR;
				CLANG_WARN_DOCUMENTATION_COMMENTS = YES;
				CLANG_WARN_EMPTY_BODY = YES;
				CLANG_WARN_ENUM_CONVERSION = YES;
				CLANG_WARN_INFINITE_RECURSION = YES;
				CLANG_WARN_INT_CONVERSION = YES;
				CLANG_WARN_OBJC_ROOT_CLASS = YES_ERROR;
				CLANG_WARN_SUSPICIOUS_MOVE = YES;
				CLANG_WARN_UNREACHABLE_CODE = YES;
				CLANG_WARN__DUPLICATE_METHOD_MATCH = YES;
				"CODE_SIGN_IDENTITY[sdk=iphoneos*]" = "iPhone Developer";
				COPY_PHASE_STRIP = NO;
				DEBUG_INFORMATION_FORMAT = "dwarf-with-dsym";
				ENABLE_NS_ASSERTIONS = NO;
				ENABLE_STRICT_OBJC_MSGSEND = YES;
				GCC_C_LANGUAGE_STANDARD = gnu99;
				GCC_NO_COMMON_BLOCKS = YES;
				GCC_WARN_64_TO_32_BIT_CONVERSION = YES;
				GCC_WARN_ABOUT_RETURN_TYPE = YES_ERROR;
				GCC_WARN_UNDECLARED_SELECTOR = YES;
				GCC_WARN_UNINITIALIZED_AUTOS = YES_AGGRESSIVE;
				GCC_WARN_UNUSED_FUNCTION = YES;
				GCC_WARN_UNUSED_VARIABLE = YES;
				IPHONEOS_DEPLOYMENT_TARGET = 10.3;
				MTL_ENABLE_DEBUG_INFO = NO;
				SDKROOT = iphoneos;
				SWIFT_OPTIMIZATION_LEVEL = "-Owholemodule";
				TARGETED_DEVICE_FAMILY = "1,2";
				VALIDATE_PRODUCT = YES;
			};
			name = Release;
		};
		B2FED7F01F1BB261005AA45F /* Debug */ = {
			isa = XCBuildConfiguration;
			buildSettings = {
				ALWAYS_EMBED_SWIFT_STANDARD_LIBRARIES = YES;
				ASSETCATALOG_COMPILER_APPICON_NAME = AppIcon;
				CODE_SIGN_ENTITLEMENTS = kdb3/kdb3.entitlements;
				"CODE_SIGN_IDENTITY[sdk=iphoneos*]" = "iPhone Developer";
				DEVELOPMENT_TEAM = 388X7HA3JM;
				INFOPLIST_FILE = kdb3/Info.plist;
				LD_RUNPATH_SEARCH_PATHS = "$(inherited) @executable_path/Frameworks";
				PRODUCT_BUNDLE_IDENTIFIER = com.alben.kdb3;
				PRODUCT_NAME = "$(TARGET_NAME)";
				PROVISIONING_PROFILE = "ee0940cf-eb9d-4f3f-8c3d-e12ecbbc32f5";
				PROVISIONING_PROFILE_SPECIFIER = "kdb3 test";
				SWIFT_VERSION = 3.0;
			};
			name = Debug;
		};
		B2FED7F11F1BB261005AA45F /* Release */ = {
			isa = XCBuildConfiguration;
			buildSettings = {
				ALWAYS_EMBED_SWIFT_STANDARD_LIBRARIES = YES;
				ASSETCATALOG_COMPILER_APPICON_NAME = AppIcon;
				CODE_SIGN_ENTITLEMENTS = kdb3/kdb3.entitlements;
				"CODE_SIGN_IDENTITY[sdk=iphoneos*]" = "iPhone Developer";
				DEVELOPMENT_TEAM = 388X7HA3JM;
				INFOPLIST_FILE = kdb3/Info.plist;
				LD_RUNPATH_SEARCH_PATHS = "$(inherited) @executable_path/Frameworks";
				PRODUCT_BUNDLE_IDENTIFIER = com.alben.kdb3;
				PRODUCT_NAME = "$(TARGET_NAME)";
				PROVISIONING_PROFILE_SPECIFIER = "kdb3 AdHoc";
				SWIFT_VERSION = 3.0;
			};
			name = Release;
		};
		B2FED7F31F1BB261005AA45F /* Debug */ = {
			isa = XCBuildConfiguration;
			buildSettings = {
				ALWAYS_EMBED_SWIFT_STANDARD_LIBRARIES = YES;
				BUNDLE_LOADER = "$(TEST_HOST)";
				DEVELOPMENT_TEAM = 388X7HA3JM;
				INFOPLIST_FILE = kdb3Tests/Info.plist;
				LD_RUNPATH_SEARCH_PATHS = "$(inherited) @executable_path/Frameworks @loader_path/Frameworks";
				PRODUCT_BUNDLE_IDENTIFIER = com.alben.t1.kdb3Tests;
				PRODUCT_NAME = "$(TARGET_NAME)";
				SWIFT_VERSION = 3.0;
				TEST_HOST = "$(BUILT_PRODUCTS_DIR)/kdb3.app/kdb3";
			};
			name = Debug;
		};
		B2FED7F41F1BB261005AA45F /* Release */ = {
			isa = XCBuildConfiguration;
			buildSettings = {
				ALWAYS_EMBED_SWIFT_STANDARD_LIBRARIES = YES;
				BUNDLE_LOADER = "$(TEST_HOST)";
				DEVELOPMENT_TEAM = 388X7HA3JM;
				INFOPLIST_FILE = kdb3Tests/Info.plist;
				LD_RUNPATH_SEARCH_PATHS = "$(inherited) @executable_path/Frameworks @loader_path/Frameworks";
				PRODUCT_BUNDLE_IDENTIFIER = com.alben.t1.kdb3Tests;
				PRODUCT_NAME = "$(TARGET_NAME)";
				SWIFT_VERSION = 3.0;
				TEST_HOST = "$(BUILT_PRODUCTS_DIR)/kdb3.app/kdb3";
			};
			name = Release;
		};
		B2FED7F61F1BB261005AA45F /* Debug */ = {
			isa = XCBuildConfiguration;
			buildSettings = {
				ALWAYS_EMBED_SWIFT_STANDARD_LIBRARIES = YES;
				DEVELOPMENT_TEAM = 388X7HA3JM;
				INFOPLIST_FILE = kdb3UITests/Info.plist;
				LD_RUNPATH_SEARCH_PATHS = "$(inherited) @executable_path/Frameworks @loader_path/Frameworks";
				PRODUCT_BUNDLE_IDENTIFIER = com.alben.t1.kdb3UITests;
				PRODUCT_NAME = "$(TARGET_NAME)";
				SWIFT_VERSION = 3.0;
				TEST_TARGET_NAME = kdb3;
			};
			name = Debug;
		};
		B2FED7F71F1BB261005AA45F /* Release */ = {
			isa = XCBuildConfiguration;
			buildSettings = {
				ALWAYS_EMBED_SWIFT_STANDARD_LIBRARIES = YES;
				DEVELOPMENT_TEAM = 388X7HA3JM;
				INFOPLIST_FILE = kdb3UITests/Info.plist;
				LD_RUNPATH_SEARCH_PATHS = "$(inherited) @executable_path/Frameworks @loader_path/Frameworks";
				PRODUCT_BUNDLE_IDENTIFIER = com.alben.t1.kdb3UITests;
				PRODUCT_NAME = "$(TARGET_NAME)";
				SWIFT_VERSION = 3.0;
				TEST_TARGET_NAME = kdb3;
			};
			name = Release;
		};
		B2FED8051F1BB37B005AA45F /* Debug */ = {
			isa = XCBuildConfiguration;
			buildSettings = {
				CODE_SIGN_ENTITLEMENTS = "AC Keyboard/AC Keyboard.entitlements";
				"CODE_SIGN_IDENTITY[sdk=iphoneos*]" = "iPhone Developer";
				DEVELOPMENT_TEAM = 388X7HA3JM;
				INFOPLIST_FILE = "AC Keyboard/Info.plist";
				LD_RUNPATH_SEARCH_PATHS = "$(inherited) @executable_path/Frameworks @executable_path/../../Frameworks";
				PRODUCT_BUNDLE_IDENTIFIER = "com.alben.kdb3.AC-Keyboard";
				PRODUCT_NAME = "$(TARGET_NAME)";
				PROVISIONING_PROFILE = "976ff55c-d0a0-49d0-a0a2-f2423c31fcc8";
				PROVISIONING_PROFILE_SPECIFIER = "kdb3 kdb2 test";
				SKIP_INSTALL = YES;
				SWIFT_VERSION = 3.0;
			};
			name = Debug;
		};
		B2FED8061F1BB37B005AA45F /* Release */ = {
			isa = XCBuildConfiguration;
			buildSettings = {
				CODE_SIGN_ENTITLEMENTS = "AC Keyboard/AC Keyboard.entitlements";
				"CODE_SIGN_IDENTITY[sdk=iphoneos*]" = "iPhone Distribution";
				DEVELOPMENT_TEAM = 388X7HA3JM;
				INFOPLIST_FILE = "AC Keyboard/Info.plist";
				LD_RUNPATH_SEARCH_PATHS = "$(inherited) @executable_path/Frameworks @executable_path/../../Frameworks";
				PRODUCT_BUNDLE_IDENTIFIER = "com.alben.kdb3.AC-Keyboard";
				PRODUCT_NAME = "$(TARGET_NAME)";
				PROVISIONING_PROFILE = "5c2e8b20-22e5-4c51-a79f-c8ec4e9a555b";
				PROVISIONING_PROFILE_SPECIFIER = "kdb3 kdb AdHoc";
				SKIP_INSTALL = YES;
				SWIFT_VERSION = 3.0;
			};
			name = Release;
		};
/* End XCBuildConfiguration section */

/* Begin XCConfigurationList section */
		B2FED7C21F1BB261005AA45F /* Build configuration list for PBXProject "kdb3" */ = {
			isa = XCConfigurationList;
			buildConfigurations = (
				B2FED7ED1F1BB261005AA45F /* Debug */,
				B2FED7EE1F1BB261005AA45F /* Release */,
				B20DBE1D1F1DACD100FA1C13 /* AdHoc */,
			);
			defaultConfigurationIsVisible = 0;
			defaultConfigurationName = Release;
		};
		B2FED7EF1F1BB261005AA45F /* Build configuration list for PBXNativeTarget "kdb3" */ = {
			isa = XCConfigurationList;
			buildConfigurations = (
				B2FED7F01F1BB261005AA45F /* Debug */,
				B2FED7F11F1BB261005AA45F /* Release */,
				B20DBE1E1F1DACD100FA1C13 /* AdHoc */,
			);
			defaultConfigurationIsVisible = 0;
			defaultConfigurationName = Release;
		};
		B2FED7F21F1BB261005AA45F /* Build configuration list for PBXNativeTarget "kdb3Tests" */ = {
			isa = XCConfigurationList;
			buildConfigurations = (
				B2FED7F31F1BB261005AA45F /* Debug */,
				B2FED7F41F1BB261005AA45F /* Release */,
				B20DBE1F1F1DACD100FA1C13 /* AdHoc */,
			);
			defaultConfigurationIsVisible = 0;
			defaultConfigurationName = Release;
		};
		B2FED7F51F1BB261005AA45F /* Build configuration list for PBXNativeTarget "kdb3UITests" */ = {
			isa = XCConfigurationList;
			buildConfigurations = (
				B2FED7F61F1BB261005AA45F /* Debug */,
				B2FED7F71F1BB261005AA45F /* Release */,
				B20DBE201F1DACD100FA1C13 /* AdHoc */,
			);
			defaultConfigurationIsVisible = 0;
			defaultConfigurationName = Release;
		};
		B2FED8041F1BB37B005AA45F /* Build configuration list for PBXNativeTarget "AC Keyboard" */ = {
			isa = XCConfigurationList;
			buildConfigurations = (
				B2FED8051F1BB37B005AA45F /* Debug */,
				B2FED8061F1BB37B005AA45F /* Release */,
				B20DBE211F1DACD100FA1C13 /* AdHoc */,
			);
			defaultConfigurationIsVisible = 0;
			defaultConfigurationName = Release;
		};
/* End XCConfigurationList section */
	};
	rootObject = B2FED7BF1F1BB261005AA45F /* Project object */;
}
